// !$*UTF8*$!
{
	archiveVersion = 1;
	classes = {
	};
	objectVersion = 46;
	objects = {

/* Begin PBXBuildFile section */
		5F40591A24FC66A100DBCEF8 /* CDMarkdownKit.framework in Copy Frameworks */ = {isa = PBXBuildFile; fileRef = B2B366431F324FAA0078B962 /* CDMarkdownKit.framework */; settings = {ATTRIBUTES = (CodeSignOnCopy, RemoveHeadersOnCopy, ); }; };
		B2B365EA1F324BDA0078B962 /* AppDelegate.swift in Sources */ = {isa = PBXBuildFile; fileRef = B2B365E81F324BDA0078B962 /* AppDelegate.swift */; };
		B2B365EB1F324BDA0078B962 /* CodeTextViewController.swift in Sources */ = {isa = PBXBuildFile; fileRef = B2B365E91F324BDA0078B962 /* CodeTextViewController.swift */; };
		B2B365F81F324C0C0078B962 /* Assets.xcassets in Resources */ = {isa = PBXBuildFile; fileRef = B2B365F71F324C0C0078B962 /* Assets.xcassets */; };
		B2B365FD1F324C170078B962 /* LaunchScreen.storyboard in Resources */ = {isa = PBXBuildFile; fileRef = B2B365F91F324C170078B962 /* LaunchScreen.storyboard */; };
		B2B365FE1F324C170078B962 /* Main.storyboard in Resources */ = {isa = PBXBuildFile; fileRef = B2B365FB1F324C170078B962 /* Main.storyboard */; };
		B2D61BC720CF4A950091BFFF /* BaseViewController.swift in Sources */ = {isa = PBXBuildFile; fileRef = B2D61BC620CF4A950091BFFF /* BaseViewController.swift */; };
		B2D61BCC20CF4C390091BFFF /* CodeLabelViewController.swift in Sources */ = {isa = PBXBuildFile; fileRef = B2D61BCB20CF4C390091BFFF /* CodeLabelViewController.swift */; };
		B2D61BCE20CF4C470091BFFF /* StoryboardTextViewController.swift in Sources */ = {isa = PBXBuildFile; fileRef = B2D61BCD20CF4C470091BFFF /* StoryboardTextViewController.swift */; };
		B2D61BD020CF4C510091BFFF /* StoryboardLabelViewController.swift in Sources */ = {isa = PBXBuildFile; fileRef = B2D61BCF20CF4C510091BFFF /* StoryboardLabelViewController.swift */; };
		B2F8EE912059DD4F00B5B54D /* Localizable.strings in Resources */ = {isa = PBXBuildFile; fileRef = B2F8EE902059DD4F00B5B54D /* Localizable.strings */; };
/* End PBXBuildFile section */

/* Begin PBXContainerItemProxy section */
		B27A77F21FC13EF5001491C6 /* PBXContainerItemProxy */ = {
			isa = PBXContainerItemProxy;
			containerPortal = B2B3663E1F324FAA0078B962 /* CDMarkdownKit.xcodeproj */;
			proxyType = 2;
			remoteGlobalIDString = B2ACA0771FBF93ED00EABEF6;
			remoteInfo = "CDMarkdownKit macOS";
		};
		B27A77F41FC13EF5001491C6 /* PBXContainerItemProxy */ = {
			isa = PBXContainerItemProxy;
			containerPortal = B2B3663E1F324FAA0078B962 /* CDMarkdownKit.xcodeproj */;
			proxyType = 2;
			remoteGlobalIDString = B2ACA0841FBF940700EABEF6;
			remoteInfo = "CDMarkdownKit tvOS";
		};
		B27A77F61FC13EF5001491C6 /* PBXContainerItemProxy */ = {
			isa = PBXContainerItemProxy;
			containerPortal = B2B3663E1F324FAA0078B962 /* CDMarkdownKit.xcodeproj */;
			proxyType = 2;
			remoteGlobalIDString = B2ACA0911FBF941B00EABEF6;
			remoteInfo = "CDMarkdownKit watchOS";
		};
		B2B366421F324FAA0078B962 /* PBXContainerItemProxy */ = {
			isa = PBXContainerItemProxy;
			containerPortal = B2B3663E1F324FAA0078B962 /* CDMarkdownKit.xcodeproj */;
			proxyType = 2;
			remoteGlobalIDString = B2B365B71F3245800078B962;
			remoteInfo = CDMarkdownKit;
		};
		B2B366461F324FC80078B962 /* PBXContainerItemProxy */ = {
			isa = PBXContainerItemProxy;
			containerPortal = B2B3663E1F324FAA0078B962 /* CDMarkdownKit.xcodeproj */;
			proxyType = 1;
			remoteGlobalIDString = B2B365B61F3245800078B962;
			remoteInfo = CDMarkdownKit;
		};
/* End PBXContainerItemProxy section */

/* Begin PBXCopyFilesBuildPhase section */
		B2B366481F324FC80078B962 /* Copy Frameworks */ = {
			isa = PBXCopyFilesBuildPhase;
			buildActionMask = 2147483647;
			dstPath = "";
			dstSubfolderSpec = 10;
			files = (
				5F40591A24FC66A100DBCEF8 /* CDMarkdownKit.framework in Copy Frameworks */,
			);
			name = "Copy Frameworks";
			runOnlyForDeploymentPostprocessing = 0;
		};
/* End PBXCopyFilesBuildPhase section */

/* Begin PBXFileReference section */
		B2B365CB1F324A930078B962 /* iOS Example.app */ = {isa = PBXFileReference; explicitFileType = wrapper.application; includeInIndex = 0; path = "iOS Example.app"; sourceTree = BUILT_PRODUCTS_DIR; };
		B2B365E81F324BDA0078B962 /* AppDelegate.swift */ = {isa = PBXFileReference; fileEncoding = 4; lastKnownFileType = sourcecode.swift; path = AppDelegate.swift; sourceTree = "<group>"; };
		B2B365E91F324BDA0078B962 /* CodeTextViewController.swift */ = {isa = PBXFileReference; fileEncoding = 4; lastKnownFileType = sourcecode.swift; path = CodeTextViewController.swift; sourceTree = "<group>"; };
		B2B365F71F324C0C0078B962 /* Assets.xcassets */ = {isa = PBXFileReference; lastKnownFileType = folder.assetcatalog; name = Assets.xcassets; path = Resources/Assets.xcassets; sourceTree = SOURCE_ROOT; };
		B2B365FA1F324C170078B962 /* Base */ = {isa = PBXFileReference; lastKnownFileType = file.storyboard; name = Base; path = Resources/Base.lproj/LaunchScreen.storyboard; sourceTree = SOURCE_ROOT; };
		B2B365FC1F324C170078B962 /* Base */ = {isa = PBXFileReference; lastKnownFileType = file.storyboard; name = Base; path = Resources/Base.lproj/Main.storyboard; sourceTree = SOURCE_ROOT; };
		B2B365FF1F324C2E0078B962 /* Info.plist */ = {isa = PBXFileReference; fileEncoding = 4; lastKnownFileType = text.plist.xml; name = Info.plist; path = Resources/Info.plist; sourceTree = SOURCE_ROOT; };
		B2B3663E1F324FAA0078B962 /* CDMarkdownKit.xcodeproj */ = {isa = PBXFileReference; lastKnownFileType = "wrapper.pb-project"; name = CDMarkdownKit.xcodeproj; path = ../CDMarkdownKit.xcodeproj; sourceTree = "<group>"; };
		B2D61BC620CF4A950091BFFF /* BaseViewController.swift */ = {isa = PBXFileReference; lastKnownFileType = sourcecode.swift; path = BaseViewController.swift; sourceTree = "<group>"; };
		B2D61BCB20CF4C390091BFFF /* CodeLabelViewController.swift */ = {isa = PBXFileReference; lastKnownFileType = sourcecode.swift; path = CodeLabelViewController.swift; sourceTree = "<group>"; };
		B2D61BCD20CF4C470091BFFF /* StoryboardTextViewController.swift */ = {isa = PBXFileReference; lastKnownFileType = sourcecode.swift; path = StoryboardTextViewController.swift; sourceTree = "<group>"; };
		B2D61BCF20CF4C510091BFFF /* StoryboardLabelViewController.swift */ = {isa = PBXFileReference; lastKnownFileType = sourcecode.swift; path = StoryboardLabelViewController.swift; sourceTree = "<group>"; };
		B2F8EE902059DD4F00B5B54D /* Localizable.strings */ = {isa = PBXFileReference; lastKnownFileType = text.plist.strings; path = Localizable.strings; sourceTree = "<group>"; };
/* End PBXFileReference section */

/* Begin PBXFrameworksBuildPhase section */
		B2B365C81F324A930078B962 /* Frameworks */ = {
			isa = PBXFrameworksBuildPhase;
			buildActionMask = 2147483647;
			files = (
			);
			runOnlyForDeploymentPostprocessing = 0;
		};
/* End PBXFrameworksBuildPhase section */

/* Begin PBXGroup section */
		B2B365C21F324A930078B962 = {
			isa = PBXGroup;
			children = (
				B2B365E71F324BDA0078B962 /* Source */,
				B2B365CC1F324A930078B962 /* Products */,
				B2B3663E1F324FAA0078B962 /* CDMarkdownKit.xcodeproj */,
			);
			sourceTree = "<group>";
		};
		B2B365CC1F324A930078B962 /* Products */ = {
			isa = PBXGroup;
			children = (
				B2B365CB1F324A930078B962 /* iOS Example.app */,
			);
			name = Products;
			sourceTree = "<group>";
		};
		B2B365E71F324BDA0078B962 /* Source */ = {
			isa = PBXGroup;
			children = (
				B2B365E81F324BDA0078B962 /* AppDelegate.swift */,
				B2D61BC620CF4A950091BFFF /* BaseViewController.swift */,
				B2D61BCB20CF4C390091BFFF /* CodeLabelViewController.swift */,
				B2B365E91F324BDA0078B962 /* CodeTextViewController.swift */,
				B2D61BCF20CF4C510091BFFF /* StoryboardLabelViewController.swift */,
				B2D61BCD20CF4C470091BFFF /* StoryboardTextViewController.swift */,
				B2B365EC1F324BDF0078B962 /* Resources */,
				B2B365ED1F324BE40078B962 /* Supporting Files */,
			);
			path = Source;
			sourceTree = "<group>";
		};
		B2B365EC1F324BDF0078B962 /* Resources */ = {
			isa = PBXGroup;
			children = (
				B2B365F71F324C0C0078B962 /* Assets.xcassets */,
				B2B365F91F324C170078B962 /* LaunchScreen.storyboard */,
				B2B365FB1F324C170078B962 /* Main.storyboard */,
				B2F8EE902059DD4F00B5B54D /* Localizable.strings */,
			);
			name = Resources;
			sourceTree = "<group>";
		};
		B2B365ED1F324BE40078B962 /* Supporting Files */ = {
			isa = PBXGroup;
			children = (
				B2B365FF1F324C2E0078B962 /* Info.plist */,
			);
			name = "Supporting Files";
			sourceTree = "<group>";
		};
		B2B3663F1F324FAA0078B962 /* Products */ = {
			isa = PBXGroup;
			children = (
				B2B366431F324FAA0078B962 /* CDMarkdownKit.framework */,
				B27A77F31FC13EF5001491C6 /* CDMarkdownKit.framework */,
				B27A77F51FC13EF5001491C6 /* CDMarkdownKit.framework */,
				B27A77F71FC13EF5001491C6 /* CDMarkdownKit.framework */,
			);
			name = Products;
			sourceTree = "<group>";
		};
/* End PBXGroup section */

/* Begin PBXNativeTarget section */
		B2B365CA1F324A930078B962 /* iOS Example */ = {
			isa = PBXNativeTarget;
			buildConfigurationList = B2B365DD1F324A930078B962 /* Build configuration list for PBXNativeTarget "iOS Example" */;
			buildPhases = (
				B2B365C71F324A930078B962 /* Sources */,
				B2B365C81F324A930078B962 /* Frameworks */,
				B2B365C91F324A930078B962 /* Resources */,
				B2B366481F324FC80078B962 /* Copy Frameworks */,
			);
			buildRules = (
			);
			dependencies = (
				B2B366471F324FC80078B962 /* PBXTargetDependency */,
			);
			name = "iOS Example";
			productName = "iOS Example";
			productReference = B2B365CB1F324A930078B962 /* iOS Example.app */;
			productType = "com.apple.product-type.application";
		};
/* End PBXNativeTarget section */

/* Begin PBXProject section */
		B2B365C31F324A930078B962 /* Project object */ = {
			isa = PBXProject;
			attributes = {
				LastSwiftUpdateCheck = 0830;
				LastUpgradeCheck = 1340;
				ORGANIZATIONNAME = "Christopher de Haan";
				TargetAttributes = {
					B2B365CA1F324A930078B962 = {
						CreatedOnToolsVersion = 8.3.3;
						LastSwiftMigration = 0940;
						ProvisioningStyle = Automatic;
					};
				};
			};
			buildConfigurationList = B2B365C61F324A930078B962 /* Build configuration list for PBXProject "iOS Example" */;
			compatibilityVersion = "Xcode 3.2";
			developmentRegion = en;
			hasScannedForEncodings = 0;
			knownRegions = (
				en,
				Base,
			);
			mainGroup = B2B365C21F324A930078B962;
			productRefGroup = B2B365CC1F324A930078B962 /* Products */;
			projectDirPath = "";
			projectReferences = (
				{
					ProductGroup = B2B3663F1F324FAA0078B962 /* Products */;
					ProjectRef = B2B3663E1F324FAA0078B962 /* CDMarkdownKit.xcodeproj */;
				},
			);
			projectRoot = "";
			targets = (
				B2B365CA1F324A930078B962 /* iOS Example */,
			);
		};
/* End PBXProject section */

/* Begin PBXReferenceProxy section */
		B27A77F31FC13EF5001491C6 /* CDMarkdownKit.framework */ = {
			isa = PBXReferenceProxy;
			fileType = wrapper.framework;
			path = CDMarkdownKit.framework;
			remoteRef = B27A77F21FC13EF5001491C6 /* PBXContainerItemProxy */;
			sourceTree = BUILT_PRODUCTS_DIR;
		};
		B27A77F51FC13EF5001491C6 /* CDMarkdownKit.framework */ = {
			isa = PBXReferenceProxy;
			fileType = wrapper.framework;
			path = CDMarkdownKit.framework;
			remoteRef = B27A77F41FC13EF5001491C6 /* PBXContainerItemProxy */;
			sourceTree = BUILT_PRODUCTS_DIR;
		};
		B27A77F71FC13EF5001491C6 /* CDMarkdownKit.framework */ = {
			isa = PBXReferenceProxy;
			fileType = wrapper.framework;
			path = CDMarkdownKit.framework;
			remoteRef = B27A77F61FC13EF5001491C6 /* PBXContainerItemProxy */;
			sourceTree = BUILT_PRODUCTS_DIR;
		};
		B2B366431F324FAA0078B962 /* CDMarkdownKit.framework */ = {
			isa = PBXReferenceProxy;
			fileType = wrapper.framework;
			path = CDMarkdownKit.framework;
			remoteRef = B2B366421F324FAA0078B962 /* PBXContainerItemProxy */;
			sourceTree = BUILT_PRODUCTS_DIR;
		};
/* End PBXReferenceProxy section */

/* Begin PBXResourcesBuildPhase section */
		B2B365C91F324A930078B962 /* Resources */ = {
			isa = PBXResourcesBuildPhase;
			buildActionMask = 2147483647;
			files = (
				B2B365FD1F324C170078B962 /* LaunchScreen.storyboard in Resources */,
				B2F8EE912059DD4F00B5B54D /* Localizable.strings in Resources */,
				B2B365F81F324C0C0078B962 /* Assets.xcassets in Resources */,
				B2B365FE1F324C170078B962 /* Main.storyboard in Resources */,
			);
			runOnlyForDeploymentPostprocessing = 0;
		};
/* End PBXResourcesBuildPhase section */

/* Begin PBXSourcesBuildPhase section */
		B2B365C71F324A930078B962 /* Sources */ = {
			isa = PBXSourcesBuildPhase;
			buildActionMask = 2147483647;
			files = (
				B2B365EB1F324BDA0078B962 /* CodeTextViewController.swift in Sources */,
				B2B365EA1F324BDA0078B962 /* AppDelegate.swift in Sources */,
				B2D61BD020CF4C510091BFFF /* StoryboardLabelViewController.swift in Sources */,
				B2D61BCC20CF4C390091BFFF /* CodeLabelViewController.swift in Sources */,
				B2D61BC720CF4A950091BFFF /* BaseViewController.swift in Sources */,
				B2D61BCE20CF4C470091BFFF /* StoryboardTextViewController.swift in Sources */,
			);
			runOnlyForDeploymentPostprocessing = 0;
		};
/* End PBXSourcesBuildPhase section */

/* Begin PBXTargetDependency section */
		B2B366471F324FC80078B962 /* PBXTargetDependency */ = {
			isa = PBXTargetDependency;
			name = CDMarkdownKit;
			targetProxy = B2B366461F324FC80078B962 /* PBXContainerItemProxy */;
		};
/* End PBXTargetDependency section */

/* Begin PBXVariantGroup section */
		B2B365F91F324C170078B962 /* LaunchScreen.storyboard */ = {
			isa = PBXVariantGroup;
			children = (
				B2B365FA1F324C170078B962 /* Base */,
			);
			name = LaunchScreen.storyboard;
			sourceTree = "<group>";
		};
		B2B365FB1F324C170078B962 /* Main.storyboard */ = {
			isa = PBXVariantGroup;
			children = (
				B2B365FC1F324C170078B962 /* Base */,
			);
			name = Main.storyboard;
			sourceTree = "<group>";
		};
/* End PBXVariantGroup section */

/* Begin XCBuildConfiguration section */
		B2B365DB1F324A930078B962 /* Debug */ = {
			isa = XCBuildConfiguration;
			buildSettings = {
				ALWAYS_SEARCH_USER_PATHS = NO;
				CLANG_ANALYZER_LOCALIZABILITY_NONLOCALIZED = YES;
				CLANG_ENABLE_MODULES = YES;
				CLANG_ENABLE_OBJC_ARC = YES;
				CLANG_WARN_BLOCK_CAPTURE_AUTORELEASING = YES;
				CLANG_WARN_BOOL_CONVERSION = YES;
				CLANG_WARN_COMMA = YES;
				CLANG_WARN_CONSTANT_CONVERSION = YES;
				CLANG_WARN_DEPRECATED_OBJC_IMPLEMENTATIONS = YES;
				CLANG_WARN_DIRECT_OBJC_ISA_USAGE = YES_ERROR;
				CLANG_WARN_EMPTY_BODY = YES;
				CLANG_WARN_ENUM_CONVERSION = YES;
				CLANG_WARN_INFINITE_RECURSION = YES;
				CLANG_WARN_INT_CONVERSION = YES;
				CLANG_WARN_NON_LITERAL_NULL_CONVERSION = YES;
				CLANG_WARN_OBJC_IMPLICIT_RETAIN_SELF = YES;
				CLANG_WARN_OBJC_LITERAL_CONVERSION = YES;
				CLANG_WARN_OBJC_ROOT_CLASS = YES_ERROR;
				CLANG_WARN_QUOTED_INCLUDE_IN_FRAMEWORK_HEADER = YES;
				CLANG_WARN_RANGE_LOOP_ANALYSIS = YES;
				CLANG_WARN_STRICT_PROTOTYPES = YES;
				CLANG_WARN_SUSPICIOUS_MOVE = YES;
				CLANG_WARN_UNREACHABLE_CODE = YES;
				CLANG_WARN__DUPLICATE_METHOD_MATCH = YES;
				CODE_SIGN_IDENTITY = "iPhone Developer";
				"CODE_SIGN_IDENTITY[sdk=iphoneos*]" = "iPhone Developer";
				COPY_PHASE_STRIP = NO;
				ENABLE_STRICT_OBJC_MSGSEND = YES;
				ENABLE_TESTABILITY = YES;
				GCC_C_LANGUAGE_STANDARD = gnu99;
				GCC_DYNAMIC_NO_PIC = NO;
				GCC_NO_COMMON_BLOCKS = YES;
				GCC_OPTIMIZATION_LEVEL = 0;
				GCC_PREPROCESSOR_DEFINITIONS = (
					"DEBUG=1",
					"$(inherited)",
				);
				GCC_SYMBOLS_PRIVATE_EXTERN = NO;
				GCC_WARN_64_TO_32_BIT_CONVERSION = YES;
				GCC_WARN_ABOUT_RETURN_TYPE = YES_ERROR;
				GCC_WARN_UNDECLARED_SELECTOR = YES;
				GCC_WARN_UNINITIALIZED_AUTOS = YES_AGGRESSIVE;
				GCC_WARN_UNUSED_FUNCTION = YES;
				GCC_WARN_UNUSED_VARIABLE = YES;
				IPHONEOS_DEPLOYMENT_TARGET = 10.0;
				MACOSX_DEPLOYMENT_TARGET = 10.12;
				ONLY_ACTIVE_ARCH = YES;
				SDKROOT = iphoneos;
				SWIFT_OPTIMIZATION_LEVEL = "-Onone";
				SWIFT_SWIFT3_OBJC_INFERENCE = Off;
				SWIFT_VERSION = 5.0;
				TARGETED_DEVICE_FAMILY = "1,2";
				TVOS_DEPLOYMENT_TARGET = 10.0;
				WATCHOS_DEPLOYMENT_TARGET = 3.0;
			};
			name = Debug;
		};
		B2B365DC1F324A930078B962 /* Release */ = {
			isa = XCBuildConfiguration;
			buildSettings = {
				ALWAYS_SEARCH_USER_PATHS = NO;
				CLANG_ANALYZER_LOCALIZABILITY_NONLOCALIZED = YES;
				CLANG_ENABLE_MODULES = YES;
				CLANG_ENABLE_OBJC_ARC = YES;
				CLANG_WARN_BLOCK_CAPTURE_AUTORELEASING = YES;
				CLANG_WARN_BOOL_CONVERSION = YES;
				CLANG_WARN_COMMA = YES;
				CLANG_WARN_CONSTANT_CONVERSION = YES;
				CLANG_WARN_DEPRECATED_OBJC_IMPLEMENTATIONS = YES;
				CLANG_WARN_DIRECT_OBJC_ISA_USAGE = YES_ERROR;
				CLANG_WARN_EMPTY_BODY = YES;
				CLANG_WARN_ENUM_CONVERSION = YES;
				CLANG_WARN_INFINITE_RECURSION = YES;
				CLANG_WARN_INT_CONVERSION = YES;
				CLANG_WARN_NON_LITERAL_NULL_CONVERSION = YES;
				CLANG_WARN_OBJC_IMPLICIT_RETAIN_SELF = YES;
				CLANG_WARN_OBJC_LITERAL_CONVERSION = YES;
				CLANG_WARN_OBJC_ROOT_CLASS = YES_ERROR;
				CLANG_WARN_QUOTED_INCLUDE_IN_FRAMEWORK_HEADER = YES;
				CLANG_WARN_RANGE_LOOP_ANALYSIS = YES;
				CLANG_WARN_STRICT_PROTOTYPES = YES;
				CLANG_WARN_SUSPICIOUS_MOVE = YES;
				CLANG_WARN_UNREACHABLE_CODE = YES;
				CLANG_WARN__DUPLICATE_METHOD_MATCH = YES;
				CODE_SIGN_IDENTITY = "iPhone Developer";
				"CODE_SIGN_IDENTITY[sdk=iphoneos*]" = "iPhone Developer";
				COPY_PHASE_STRIP = YES;
				ENABLE_NS_ASSERTIONS = NO;
				ENABLE_STRICT_OBJC_MSGSEND = YES;
				GCC_C_LANGUAGE_STANDARD = gnu99;
				GCC_NO_COMMON_BLOCKS = YES;
				GCC_WARN_64_TO_32_BIT_CONVERSION = YES;
				GCC_WARN_ABOUT_RETURN_TYPE = YES_ERROR;
				GCC_WARN_UNDECLARED_SELECTOR = YES;
				GCC_WARN_UNINITIALIZED_AUTOS = YES_AGGRESSIVE;
				GCC_WARN_UNUSED_FUNCTION = YES;
				GCC_WARN_UNUSED_VARIABLE = YES;
				IPHONEOS_DEPLOYMENT_TARGET = 10.0;
				MACOSX_DEPLOYMENT_TARGET = 10.12;
				SDKROOT = iphoneos;
				SWIFT_COMPILATION_MODE = wholemodule;
				SWIFT_SWIFT3_OBJC_INFERENCE = Off;
				SWIFT_VERSION = 5.0;
				TARGETED_DEVICE_FAMILY = "1,2";
				TVOS_DEPLOYMENT_TARGET = 10.0;
				VALIDATE_PRODUCT = YES;
				WATCHOS_DEPLOYMENT_TARGET = 3.0;
			};
			name = Release;
		};
		B2B365DE1F324A930078B962 /* Debug */ = {
			isa = XCBuildConfiguration;
			buildSettings = {
				ASSETCATALOG_COMPILER_APPICON_NAME = AppIcon;
				INFOPLIST_FILE = Resources/Info.plist;
				LD_RUNPATH_SEARCH_PATHS = "$(inherited) @executable_path/Frameworks";
				PRODUCT_BUNDLE_IDENTIFIER = "com.christopherdehaan.iOS-Example";
				PRODUCT_NAME = "$(TARGET_NAME)";
				SWIFT_OPTIMIZATION_LEVEL = "-Onone";
			};
			name = Debug;
		};
		B2B365DF1F324A930078B962 /* Release */ = {
			isa = XCBuildConfiguration;
			buildSettings = {
				ASSETCATALOG_COMPILER_APPICON_NAME = AppIcon;
				INFOPLIST_FILE = Resources/Info.plist;
				LD_RUNPATH_SEARCH_PATHS = "$(inherited) @executable_path/Frameworks";
				PRODUCT_BUNDLE_IDENTIFIER = "com.christopherdehaan.iOS-Example";
				PRODUCT_NAME = "$(TARGET_NAME)";
				SWIFT_OPTIMIZATION_LEVEL = "-O";
			};
			name = Release;
		};
/* End XCBuildConfiguration section */

/* Begin XCConfigurationList section */
		B2B365C61F324A930078B962 /* Build configuration list for PBXProject "iOS Example" */ = {
			isa = XCConfigurationList;
			buildConfigurations = (
				B2B365DB1F324A930078B962 /* Debug */,
				B2B365DC1F324A930078B962 /* Release */,
			);
			defaultConfigurationIsVisible = 0;
			defaultConfigurationName = Release;
		};
		B2B365DD1F324A930078B962 /* Build configuration list for PBXNativeTarget "iOS Example" */ = {
			isa = XCConfigurationList;
			buildConfigurations = (
				B2B365DE1F324A930078B962 /* Debug */,
				B2B365DF1F324A930078B962 /* Release */,
			);
			defaultConfigurationIsVisible = 0;
			defaultConfigurationName = Release;
		};
/* End XCConfigurationList section */
	};
	rootObject = B2B365C31F324A930078B962 /* Project object */;
}
