// !$*UTF8*$!
{
	archiveVersion = 1;
	classes = {
	};
	objectVersion = 54;
	objects = {

/* Begin PBXBuildFile section */
		5F0AD09521063D36007B718F /* CDImage+CDMarkdownKit.swift in Sources */ = {isa = PBXBuildFile; fileRef = 5F0AD09421063D36007B718F /* CDImage+CDMarkdownKit.swift */; };
		5F0AD09621063D36007B718F /* CDImage+CDMarkdownKit.swift in Sources */ = {isa = PBXBuildFile; fileRef = 5F0AD09421063D36007B718F /* CDImage+CDMarkdownKit.swift */; };
		5F0AD09721063D36007B718F /* CDImage+CDMarkdownKit.swift in Sources */ = {isa = PBXBuildFile; fileRef = 5F0AD09421063D36007B718F /* CDImage+CDMarkdownKit.swift */; };
		5F0AD09821063D36007B718F /* CDImage+CDMarkdownKit.swift in Sources */ = {isa = PBXBuildFile; fileRef = 5F0AD09421063D36007B718F /* CDImage+CDMarkdownKit.swift */; };
		B205C6661FC129EB00E74CBA /* CDColor.swift in Sources */ = {isa = PBXBuildFile; fileRef = B205C6651FC129EB00E74CBA /* CDColor.swift */; };
		B205C6671FC129EB00E74CBA /* CDColor.swift in Sources */ = {isa = PBXBuildFile; fileRef = B205C6651FC129EB00E74CBA /* CDColor.swift */; };
		B205C6681FC129EB00E74CBA /* CDColor.swift in Sources */ = {isa = PBXBuildFile; fileRef = B205C6651FC129EB00E74CBA /* CDColor.swift */; };
		B205C6691FC129EB00E74CBA /* CDColor.swift in Sources */ = {isa = PBXBuildFile; fileRef = B205C6651FC129EB00E74CBA /* CDColor.swift */; };
		B205C66B1FC129FC00E74CBA /* CDFont.swift in Sources */ = {isa = PBXBuildFile; fileRef = B205C66A1FC129FC00E74CBA /* CDFont.swift */; };
		B205C66C1FC129FD00E74CBA /* CDFont.swift in Sources */ = {isa = PBXBuildFile; fileRef = B205C66A1FC129FC00E74CBA /* CDFont.swift */; };
		B205C66D1FC129FD00E74CBA /* CDFont.swift in Sources */ = {isa = PBXBuildFile; fileRef = B205C66A1FC129FC00E74CBA /* CDFont.swift */; };
		B205C66E1FC129FD00E74CBA /* CDFont.swift in Sources */ = {isa = PBXBuildFile; fileRef = B205C66A1FC129FC00E74CBA /* CDFont.swift */; };
		B205C6701FC135DF00E74CBA /* CDImage.swift in Sources */ = {isa = PBXBuildFile; fileRef = B205C66F1FC135DF00E74CBA /* CDImage.swift */; };
		B205C6711FC135DF00E74CBA /* CDImage.swift in Sources */ = {isa = PBXBuildFile; fileRef = B205C66F1FC135DF00E74CBA /* CDImage.swift */; };
		B205C6721FC135DF00E74CBA /* CDImage.swift in Sources */ = {isa = PBXBuildFile; fileRef = B205C66F1FC135DF00E74CBA /* CDImage.swift */; };
		B205C6731FC135DF00E74CBA /* CDImage.swift in Sources */ = {isa = PBXBuildFile; fileRef = B205C66F1FC135DF00E74CBA /* CDImage.swift */; };
		B22C0E8121B18AA8006CE401 /* NSMutableAttributedString+CDMarkdownKit.swift in Sources */ = {isa = PBXBuildFile; fileRef = B22C0E8021B18AA8006CE401 /* NSMutableAttributedString+CDMarkdownKit.swift */; };
		B22C0E8221B18AA8006CE401 /* NSMutableAttributedString+CDMarkdownKit.swift in Sources */ = {isa = PBXBuildFile; fileRef = B22C0E8021B18AA8006CE401 /* NSMutableAttributedString+CDMarkdownKit.swift */; };
		B22C0E8321B18AA8006CE401 /* NSMutableAttributedString+CDMarkdownKit.swift in Sources */ = {isa = PBXBuildFile; fileRef = B22C0E8021B18AA8006CE401 /* NSMutableAttributedString+CDMarkdownKit.swift */; };
		B22C0E8421B18AA8006CE401 /* NSMutableAttributedString+CDMarkdownKit.swift in Sources */ = {isa = PBXBuildFile; fileRef = B22C0E8021B18AA8006CE401 /* NSMutableAttributedString+CDMarkdownKit.swift */; };
		B22C0E8621B195C4006CE401 /* NSTextCheckingResult+CDMarkdownKit.swift in Sources */ = {isa = PBXBuildFile; fileRef = B22C0E8521B195C4006CE401 /* NSTextCheckingResult+CDMarkdownKit.swift */; };
		B22C0E8721B195C4006CE401 /* NSTextCheckingResult+CDMarkdownKit.swift in Sources */ = {isa = PBXBuildFile; fileRef = B22C0E8521B195C4006CE401 /* NSTextCheckingResult+CDMarkdownKit.swift */; };
		B22C0E8821B195C4006CE401 /* NSTextCheckingResult+CDMarkdownKit.swift in Sources */ = {isa = PBXBuildFile; fileRef = B22C0E8521B195C4006CE401 /* NSTextCheckingResult+CDMarkdownKit.swift */; };
		B22C0E8921B195C4006CE401 /* NSTextCheckingResult+CDMarkdownKit.swift in Sources */ = {isa = PBXBuildFile; fileRef = B22C0E8521B195C4006CE401 /* NSTextCheckingResult+CDMarkdownKit.swift */; };
		B22C0E8E21B1AAD5006CE401 /* NSTextStorage+CDMarkdownKit.swift in Sources */ = {isa = PBXBuildFile; fileRef = B22C0E8D21B1AAD5006CE401 /* NSTextStorage+CDMarkdownKit.swift */; };
		B22C0E8F21B1AAD5006CE401 /* NSTextStorage+CDMarkdownKit.swift in Sources */ = {isa = PBXBuildFile; fileRef = B22C0E8D21B1AAD5006CE401 /* NSTextStorage+CDMarkdownKit.swift */; };
		B22C0E9021B1AAD5006CE401 /* NSTextStorage+CDMarkdownKit.swift in Sources */ = {isa = PBXBuildFile; fileRef = B22C0E8D21B1AAD5006CE401 /* NSTextStorage+CDMarkdownKit.swift */; };
		B22C0E9121B1AAD5006CE401 /* NSTextStorage+CDMarkdownKit.swift in Sources */ = {isa = PBXBuildFile; fileRef = B22C0E8D21B1AAD5006CE401 /* NSTextStorage+CDMarkdownKit.swift */; };
		B22C0E9321B1AD16006CE401 /* NSAttributedString+CDMarkdownKit.swift in Sources */ = {isa = PBXBuildFile; fileRef = B22C0E9221B1AD16006CE401 /* NSAttributedString+CDMarkdownKit.swift */; };
		B22C0E9421B1AD16006CE401 /* NSAttributedString+CDMarkdownKit.swift in Sources */ = {isa = PBXBuildFile; fileRef = B22C0E9221B1AD16006CE401 /* NSAttributedString+CDMarkdownKit.swift */; };
		B22C0E9521B1AD16006CE401 /* NSAttributedString+CDMarkdownKit.swift in Sources */ = {isa = PBXBuildFile; fileRef = B22C0E9221B1AD16006CE401 /* NSAttributedString+CDMarkdownKit.swift */; };
		B22C0E9621B1AD16006CE401 /* NSAttributedString+CDMarkdownKit.swift in Sources */ = {isa = PBXBuildFile; fileRef = B22C0E9221B1AD16006CE401 /* NSAttributedString+CDMarkdownKit.swift */; };
		B255AD8620D8000A00E8044D /* CDAttributedStringKey.swift in Sources */ = {isa = PBXBuildFile; fileRef = B255AD8520D8000A00E8044D /* CDAttributedStringKey.swift */; };
		B255AD8720D8000A00E8044D /* CDAttributedStringKey.swift in Sources */ = {isa = PBXBuildFile; fileRef = B255AD8520D8000A00E8044D /* CDAttributedStringKey.swift */; };
		B255AD8820D8000A00E8044D /* CDAttributedStringKey.swift in Sources */ = {isa = PBXBuildFile; fileRef = B255AD8520D8000A00E8044D /* CDAttributedStringKey.swift */; };
		B255AD8920D8000A00E8044D /* CDAttributedStringKey.swift in Sources */ = {isa = PBXBuildFile; fileRef = B255AD8520D8000A00E8044D /* CDAttributedStringKey.swift */; };
		B267903A2868AC0E00DFAAA5 /* CDMarkdownKit.swift in Sources */ = {isa = PBXBuildFile; fileRef = B26790392868AC0E00DFAAA5 /* CDMarkdownKit.swift */; };
		B267903B2868AC0E00DFAAA5 /* CDMarkdownKit.swift in Sources */ = {isa = PBXBuildFile; fileRef = B26790392868AC0E00DFAAA5 /* CDMarkdownKit.swift */; };
		B267903C2868AC0E00DFAAA5 /* CDMarkdownKit.swift in Sources */ = {isa = PBXBuildFile; fileRef = B26790392868AC0E00DFAAA5 /* CDMarkdownKit.swift */; };
		B267903D2868AC0E00DFAAA5 /* CDMarkdownKit.swift in Sources */ = {isa = PBXBuildFile; fileRef = B26790392868AC0E00DFAAA5 /* CDMarkdownKit.swift */; };
		B29FE73C21AF01B6009A4BC1 /* Dictionary+CDMarkdownKit.swift in Sources */ = {isa = PBXBuildFile; fileRef = B29FE73B21AF01B6009A4BC1 /* Dictionary+CDMarkdownKit.swift */; };
		B29FE73D21AF01B6009A4BC1 /* Dictionary+CDMarkdownKit.swift in Sources */ = {isa = PBXBuildFile; fileRef = B29FE73B21AF01B6009A4BC1 /* Dictionary+CDMarkdownKit.swift */; };
		B29FE73E21AF01B6009A4BC1 /* Dictionary+CDMarkdownKit.swift in Sources */ = {isa = PBXBuildFile; fileRef = B29FE73B21AF01B6009A4BC1 /* Dictionary+CDMarkdownKit.swift */; };
		B29FE73F21AF01B6009A4BC1 /* Dictionary+CDMarkdownKit.swift in Sources */ = {isa = PBXBuildFile; fileRef = B29FE73B21AF01B6009A4BC1 /* Dictionary+CDMarkdownKit.swift */; };
		B2ACA09E1FBF95A400EABEF6 /* CDMarkdownParser.swift in Sources */ = {isa = PBXBuildFile; fileRef = B2B366091F324DE90078B962 /* CDMarkdownParser.swift */; };
		B2ACA09F1FBF95A400EABEF6 /* CDMarkdownAutomaticLink.swift in Sources */ = {isa = PBXBuildFile; fileRef = B2B3660B1F324DE90078B962 /* CDMarkdownAutomaticLink.swift */; };
		B2ACA0A01FBF95A400EABEF6 /* CDMarkdownBold.swift in Sources */ = {isa = PBXBuildFile; fileRef = B2B3660C1F324DE90078B962 /* CDMarkdownBold.swift */; };
		B2ACA0A11FBF95A400EABEF6 /* CDMarkdownCode.swift in Sources */ = {isa = PBXBuildFile; fileRef = B2B3660D1F324DE90078B962 /* CDMarkdownCode.swift */; };
		B2ACA0A21FBF95A400EABEF6 /* CDMarkdownHeader.swift in Sources */ = {isa = PBXBuildFile; fileRef = B2B3660E1F324DE90078B962 /* CDMarkdownHeader.swift */; };
		B2ACA0A31FBF95A400EABEF6 /* CDMarkdownImage.swift in Sources */ = {isa = PBXBuildFile; fileRef = B2B366071F324DE90078B962 /* CDMarkdownImage.swift */; };
		B2ACA0A41FBF95A400EABEF6 /* CDMarkdownItalic.swift in Sources */ = {isa = PBXBuildFile; fileRef = B2B3660F1F324DE90078B962 /* CDMarkdownItalic.swift */; };
		B2ACA0A51FBF95A400EABEF6 /* CDMarkdownLink.swift in Sources */ = {isa = PBXBuildFile; fileRef = B2B366081F324DE90078B962 /* CDMarkdownLink.swift */; };
		B2ACA0A61FBF95A400EABEF6 /* CDMarkdownList.swift in Sources */ = {isa = PBXBuildFile; fileRef = B2B366101F324DE90078B962 /* CDMarkdownList.swift */; };
		B2ACA0A71FBF95A400EABEF6 /* CDMarkdownQuote.swift in Sources */ = {isa = PBXBuildFile; fileRef = B2B366191F324DE90078B962 /* CDMarkdownQuote.swift */; };
		B2ACA0A81FBF95A400EABEF6 /* CDMarkdownSyntax.swift in Sources */ = {isa = PBXBuildFile; fileRef = B2B3661B1F324DE90078B962 /* CDMarkdownSyntax.swift */; };
		B2ACA0A91FBF95A400EABEF6 /* CDMarkdownCodeEscaping.swift in Sources */ = {isa = PBXBuildFile; fileRef = B2B366121F324DE90078B962 /* CDMarkdownCodeEscaping.swift */; };
		B2ACA0AA1FBF95A400EABEF6 /* CDMarkdownEscaping.swift in Sources */ = {isa = PBXBuildFile; fileRef = B2B366151F324DE90078B962 /* CDMarkdownEscaping.swift */; };
		B2ACA0AB1FBF95A400EABEF6 /* CDMarkdownUnescaping.swift in Sources */ = {isa = PBXBuildFile; fileRef = B2B3661C1F324DE90078B962 /* CDMarkdownUnescaping.swift */; };
		B2ACA0AC1FBF95A400EABEF6 /* String+CDMarkdownKit.swift in Sources */ = {isa = PBXBuildFile; fileRef = B2B3661D1F324DE90078B962 /* String+CDMarkdownKit.swift */; };
		B2ACA0AD1FBF95A400EABEF6 /* CDColor+CDMarkdownKit.swift in Sources */ = {isa = PBXBuildFile; fileRef = B2B3661E1F324DE90078B962 /* CDColor+CDMarkdownKit.swift */; };
		B2ACA0AE1FBF95A400EABEF6 /* CDFont+CDMarkdownKit.swift in Sources */ = {isa = PBXBuildFile; fileRef = B2B3661F1F324DE90078B962 /* CDFont+CDMarkdownKit.swift */; };
		B2ACA0AF1FBF95A400EABEF6 /* CDMarkdownCommonElement.swift in Sources */ = {isa = PBXBuildFile; fileRef = B2B366131F324DE90078B962 /* CDMarkdownCommonElement.swift */; };
		B2ACA0B01FBF95A400EABEF6 /* CDMarkdownElement.swift in Sources */ = {isa = PBXBuildFile; fileRef = B2B366141F324DE90078B962 /* CDMarkdownElement.swift */; };
		B2ACA0B11FBF95A400EABEF6 /* CDMarkdownLevelElement.swift in Sources */ = {isa = PBXBuildFile; fileRef = B2B366171F324DE90078B962 /* CDMarkdownLevelElement.swift */; };
		B2ACA0B21FBF95A400EABEF6 /* CDMarkdownLinkElement.swift in Sources */ = {isa = PBXBuildFile; fileRef = B2B366181F324DE90078B962 /* CDMarkdownLinkElement.swift */; };
		B2ACA0B31FBF95A400EABEF6 /* CDMarkdownStyle.swift in Sources */ = {isa = PBXBuildFile; fileRef = B2B3661A1F324DE90078B962 /* CDMarkdownStyle.swift */; };
		B2ACA0B41FBF95A400EABEF6 /* CDMarkdownLabel.swift in Sources */ = {isa = PBXBuildFile; fileRef = B2B3660A1F324DE90078B962 /* CDMarkdownLabel.swift */; };
		B2ACA0B51FBF95A400EABEF6 /* CDMarkdownLayoutManager.swift in Sources */ = {isa = PBXBuildFile; fileRef = B2B366161F324DE90078B962 /* CDMarkdownLayoutManager.swift */; };
		B2ACA0B61FBF95A400EABEF6 /* CDMarkdownTextView.swift in Sources */ = {isa = PBXBuildFile; fileRef = B2B366111F324DE90078B962 /* CDMarkdownTextView.swift */; };
		B2ACA0B71FBF960A00EABEF6 /* CDMarkdownParser.swift in Sources */ = {isa = PBXBuildFile; fileRef = B2B366091F324DE90078B962 /* CDMarkdownParser.swift */; };
		B2ACA0B81FBF960A00EABEF6 /* CDMarkdownAutomaticLink.swift in Sources */ = {isa = PBXBuildFile; fileRef = B2B3660B1F324DE90078B962 /* CDMarkdownAutomaticLink.swift */; };
		B2ACA0B91FBF960A00EABEF6 /* CDMarkdownBold.swift in Sources */ = {isa = PBXBuildFile; fileRef = B2B3660C1F324DE90078B962 /* CDMarkdownBold.swift */; };
		B2ACA0BA1FBF960A00EABEF6 /* CDMarkdownCode.swift in Sources */ = {isa = PBXBuildFile; fileRef = B2B3660D1F324DE90078B962 /* CDMarkdownCode.swift */; };
		B2ACA0BB1FBF960A00EABEF6 /* CDMarkdownHeader.swift in Sources */ = {isa = PBXBuildFile; fileRef = B2B3660E1F324DE90078B962 /* CDMarkdownHeader.swift */; };
		B2ACA0BC1FBF960A00EABEF6 /* CDMarkdownImage.swift in Sources */ = {isa = PBXBuildFile; fileRef = B2B366071F324DE90078B962 /* CDMarkdownImage.swift */; };
		B2ACA0BD1FBF960A00EABEF6 /* CDMarkdownItalic.swift in Sources */ = {isa = PBXBuildFile; fileRef = B2B3660F1F324DE90078B962 /* CDMarkdownItalic.swift */; };
		B2ACA0BE1FBF960A00EABEF6 /* CDMarkdownLink.swift in Sources */ = {isa = PBXBuildFile; fileRef = B2B366081F324DE90078B962 /* CDMarkdownLink.swift */; };
		B2ACA0BF1FBF960A00EABEF6 /* CDMarkdownList.swift in Sources */ = {isa = PBXBuildFile; fileRef = B2B366101F324DE90078B962 /* CDMarkdownList.swift */; };
		B2ACA0C01FBF960A00EABEF6 /* CDMarkdownQuote.swift in Sources */ = {isa = PBXBuildFile; fileRef = B2B366191F324DE90078B962 /* CDMarkdownQuote.swift */; };
		B2ACA0C11FBF960A00EABEF6 /* CDMarkdownSyntax.swift in Sources */ = {isa = PBXBuildFile; fileRef = B2B3661B1F324DE90078B962 /* CDMarkdownSyntax.swift */; };
		B2ACA0C21FBF960A00EABEF6 /* CDMarkdownCodeEscaping.swift in Sources */ = {isa = PBXBuildFile; fileRef = B2B366121F324DE90078B962 /* CDMarkdownCodeEscaping.swift */; };
		B2ACA0C31FBF960A00EABEF6 /* CDMarkdownEscaping.swift in Sources */ = {isa = PBXBuildFile; fileRef = B2B366151F324DE90078B962 /* CDMarkdownEscaping.swift */; };
		B2ACA0C41FBF960A00EABEF6 /* CDMarkdownUnescaping.swift in Sources */ = {isa = PBXBuildFile; fileRef = B2B3661C1F324DE90078B962 /* CDMarkdownUnescaping.swift */; };
		B2ACA0C51FBF960A00EABEF6 /* String+CDMarkdownKit.swift in Sources */ = {isa = PBXBuildFile; fileRef = B2B3661D1F324DE90078B962 /* String+CDMarkdownKit.swift */; };
		B2ACA0C61FBF960A00EABEF6 /* CDColor+CDMarkdownKit.swift in Sources */ = {isa = PBXBuildFile; fileRef = B2B3661E1F324DE90078B962 /* CDColor+CDMarkdownKit.swift */; };
		B2ACA0C71FBF960A00EABEF6 /* CDFont+CDMarkdownKit.swift in Sources */ = {isa = PBXBuildFile; fileRef = B2B3661F1F324DE90078B962 /* CDFont+CDMarkdownKit.swift */; };
		B2ACA0C81FBF960A00EABEF6 /* CDMarkdownCommonElement.swift in Sources */ = {isa = PBXBuildFile; fileRef = B2B366131F324DE90078B962 /* CDMarkdownCommonElement.swift */; };
		B2ACA0C91FBF960A00EABEF6 /* CDMarkdownElement.swift in Sources */ = {isa = PBXBuildFile; fileRef = B2B366141F324DE90078B962 /* CDMarkdownElement.swift */; };
		B2ACA0CA1FBF960A00EABEF6 /* CDMarkdownLevelElement.swift in Sources */ = {isa = PBXBuildFile; fileRef = B2B366171F324DE90078B962 /* CDMarkdownLevelElement.swift */; };
		B2ACA0CB1FBF960A00EABEF6 /* CDMarkdownLinkElement.swift in Sources */ = {isa = PBXBuildFile; fileRef = B2B366181F324DE90078B962 /* CDMarkdownLinkElement.swift */; };
		B2ACA0CC1FBF960A00EABEF6 /* CDMarkdownStyle.swift in Sources */ = {isa = PBXBuildFile; fileRef = B2B3661A1F324DE90078B962 /* CDMarkdownStyle.swift */; };
		B2ACA0CD1FBF960A00EABEF6 /* CDMarkdownLabel.swift in Sources */ = {isa = PBXBuildFile; fileRef = B2B3660A1F324DE90078B962 /* CDMarkdownLabel.swift */; };
		B2ACA0CE1FBF960A00EABEF6 /* CDMarkdownLayoutManager.swift in Sources */ = {isa = PBXBuildFile; fileRef = B2B366161F324DE90078B962 /* CDMarkdownLayoutManager.swift */; };
		B2ACA0CF1FBF960A00EABEF6 /* CDMarkdownTextView.swift in Sources */ = {isa = PBXBuildFile; fileRef = B2B366111F324DE90078B962 /* CDMarkdownTextView.swift */; };
		B2ACA0D01FBF967800EABEF6 /* CDMarkdownParser.swift in Sources */ = {isa = PBXBuildFile; fileRef = B2B366091F324DE90078B962 /* CDMarkdownParser.swift */; };
		B2ACA0D11FBF967800EABEF6 /* CDMarkdownAutomaticLink.swift in Sources */ = {isa = PBXBuildFile; fileRef = B2B3660B1F324DE90078B962 /* CDMarkdownAutomaticLink.swift */; };
		B2ACA0D21FBF967800EABEF6 /* CDMarkdownBold.swift in Sources */ = {isa = PBXBuildFile; fileRef = B2B3660C1F324DE90078B962 /* CDMarkdownBold.swift */; };
		B2ACA0D31FBF967800EABEF6 /* CDMarkdownCode.swift in Sources */ = {isa = PBXBuildFile; fileRef = B2B3660D1F324DE90078B962 /* CDMarkdownCode.swift */; };
		B2ACA0D41FBF967800EABEF6 /* CDMarkdownHeader.swift in Sources */ = {isa = PBXBuildFile; fileRef = B2B3660E1F324DE90078B962 /* CDMarkdownHeader.swift */; };
		B2ACA0D51FBF967800EABEF6 /* CDMarkdownImage.swift in Sources */ = {isa = PBXBuildFile; fileRef = B2B366071F324DE90078B962 /* CDMarkdownImage.swift */; };
		B2ACA0D61FBF967800EABEF6 /* CDMarkdownItalic.swift in Sources */ = {isa = PBXBuildFile; fileRef = B2B3660F1F324DE90078B962 /* CDMarkdownItalic.swift */; };
		B2ACA0D71FBF967800EABEF6 /* CDMarkdownLink.swift in Sources */ = {isa = PBXBuildFile; fileRef = B2B366081F324DE90078B962 /* CDMarkdownLink.swift */; };
		B2ACA0D81FBF967800EABEF6 /* CDMarkdownList.swift in Sources */ = {isa = PBXBuildFile; fileRef = B2B366101F324DE90078B962 /* CDMarkdownList.swift */; };
		B2ACA0D91FBF967800EABEF6 /* CDMarkdownQuote.swift in Sources */ = {isa = PBXBuildFile; fileRef = B2B366191F324DE90078B962 /* CDMarkdownQuote.swift */; };
		B2ACA0DA1FBF967800EABEF6 /* CDMarkdownSyntax.swift in Sources */ = {isa = PBXBuildFile; fileRef = B2B3661B1F324DE90078B962 /* CDMarkdownSyntax.swift */; };
		B2ACA0DB1FBF967800EABEF6 /* CDMarkdownCodeEscaping.swift in Sources */ = {isa = PBXBuildFile; fileRef = B2B366121F324DE90078B962 /* CDMarkdownCodeEscaping.swift */; };
		B2ACA0DC1FBF967800EABEF6 /* CDMarkdownEscaping.swift in Sources */ = {isa = PBXBuildFile; fileRef = B2B366151F324DE90078B962 /* CDMarkdownEscaping.swift */; };
		B2ACA0DD1FBF967800EABEF6 /* CDMarkdownUnescaping.swift in Sources */ = {isa = PBXBuildFile; fileRef = B2B3661C1F324DE90078B962 /* CDMarkdownUnescaping.swift */; };
		B2ACA0DE1FBF967800EABEF6 /* String+CDMarkdownKit.swift in Sources */ = {isa = PBXBuildFile; fileRef = B2B3661D1F324DE90078B962 /* String+CDMarkdownKit.swift */; };
		B2ACA0DF1FBF967800EABEF6 /* CDColor+CDMarkdownKit.swift in Sources */ = {isa = PBXBuildFile; fileRef = B2B3661E1F324DE90078B962 /* CDColor+CDMarkdownKit.swift */; };
		B2ACA0E01FBF967800EABEF6 /* CDFont+CDMarkdownKit.swift in Sources */ = {isa = PBXBuildFile; fileRef = B2B3661F1F324DE90078B962 /* CDFont+CDMarkdownKit.swift */; };
		B2ACA0E11FBF967800EABEF6 /* CDMarkdownCommonElement.swift in Sources */ = {isa = PBXBuildFile; fileRef = B2B366131F324DE90078B962 /* CDMarkdownCommonElement.swift */; };
		B2ACA0E21FBF967800EABEF6 /* CDMarkdownElement.swift in Sources */ = {isa = PBXBuildFile; fileRef = B2B366141F324DE90078B962 /* CDMarkdownElement.swift */; };
		B2ACA0E31FBF967800EABEF6 /* CDMarkdownLevelElement.swift in Sources */ = {isa = PBXBuildFile; fileRef = B2B366171F324DE90078B962 /* CDMarkdownLevelElement.swift */; };
		B2ACA0E41FBF967800EABEF6 /* CDMarkdownLinkElement.swift in Sources */ = {isa = PBXBuildFile; fileRef = B2B366181F324DE90078B962 /* CDMarkdownLinkElement.swift */; };
		B2ACA0E51FBF967800EABEF6 /* CDMarkdownStyle.swift in Sources */ = {isa = PBXBuildFile; fileRef = B2B3661A1F324DE90078B962 /* CDMarkdownStyle.swift */; };
		B2ACA0E61FBF967800EABEF6 /* CDMarkdownLabel.swift in Sources */ = {isa = PBXBuildFile; fileRef = B2B3660A1F324DE90078B962 /* CDMarkdownLabel.swift */; };
		B2ACA0E71FBF967800EABEF6 /* CDMarkdownLayoutManager.swift in Sources */ = {isa = PBXBuildFile; fileRef = B2B366161F324DE90078B962 /* CDMarkdownLayoutManager.swift */; };
		B2ACA0E81FBF967800EABEF6 /* CDMarkdownTextView.swift in Sources */ = {isa = PBXBuildFile; fileRef = B2B366111F324DE90078B962 /* CDMarkdownTextView.swift */; };
		B2B366201F324DE90078B962 /* CDMarkdownImage.swift in Sources */ = {isa = PBXBuildFile; fileRef = B2B366071F324DE90078B962 /* CDMarkdownImage.swift */; };
		B2B366211F324DE90078B962 /* CDMarkdownLink.swift in Sources */ = {isa = PBXBuildFile; fileRef = B2B366081F324DE90078B962 /* CDMarkdownLink.swift */; };
		B2B366221F324DE90078B962 /* CDMarkdownParser.swift in Sources */ = {isa = PBXBuildFile; fileRef = B2B366091F324DE90078B962 /* CDMarkdownParser.swift */; };
		B2B366231F324DE90078B962 /* CDMarkdownLabel.swift in Sources */ = {isa = PBXBuildFile; fileRef = B2B3660A1F324DE90078B962 /* CDMarkdownLabel.swift */; };
		B2B366241F324DE90078B962 /* CDMarkdownAutomaticLink.swift in Sources */ = {isa = PBXBuildFile; fileRef = B2B3660B1F324DE90078B962 /* CDMarkdownAutomaticLink.swift */; };
		B2B366251F324DE90078B962 /* CDMarkdownBold.swift in Sources */ = {isa = PBXBuildFile; fileRef = B2B3660C1F324DE90078B962 /* CDMarkdownBold.swift */; };
		B2B366261F324DE90078B962 /* CDMarkdownCode.swift in Sources */ = {isa = PBXBuildFile; fileRef = B2B3660D1F324DE90078B962 /* CDMarkdownCode.swift */; };
		B2B366271F324DE90078B962 /* CDMarkdownHeader.swift in Sources */ = {isa = PBXBuildFile; fileRef = B2B3660E1F324DE90078B962 /* CDMarkdownHeader.swift */; };
		B2B366281F324DE90078B962 /* CDMarkdownItalic.swift in Sources */ = {isa = PBXBuildFile; fileRef = B2B3660F1F324DE90078B962 /* CDMarkdownItalic.swift */; };
		B2B366291F324DE90078B962 /* CDMarkdownList.swift in Sources */ = {isa = PBXBuildFile; fileRef = B2B366101F324DE90078B962 /* CDMarkdownList.swift */; };
		B2B3662A1F324DE90078B962 /* CDMarkdownTextView.swift in Sources */ = {isa = PBXBuildFile; fileRef = B2B366111F324DE90078B962 /* CDMarkdownTextView.swift */; };
		B2B3662B1F324DE90078B962 /* CDMarkdownCodeEscaping.swift in Sources */ = {isa = PBXBuildFile; fileRef = B2B366121F324DE90078B962 /* CDMarkdownCodeEscaping.swift */; };
		B2B3662C1F324DE90078B962 /* CDMarkdownCommonElement.swift in Sources */ = {isa = PBXBuildFile; fileRef = B2B366131F324DE90078B962 /* CDMarkdownCommonElement.swift */; };
		B2B3662D1F324DE90078B962 /* CDMarkdownElement.swift in Sources */ = {isa = PBXBuildFile; fileRef = B2B366141F324DE90078B962 /* CDMarkdownElement.swift */; };
		B2B3662E1F324DE90078B962 /* CDMarkdownEscaping.swift in Sources */ = {isa = PBXBuildFile; fileRef = B2B366151F324DE90078B962 /* CDMarkdownEscaping.swift */; };
		B2B3662F1F324DE90078B962 /* CDMarkdownLayoutManager.swift in Sources */ = {isa = PBXBuildFile; fileRef = B2B366161F324DE90078B962 /* CDMarkdownLayoutManager.swift */; };
		B2B366301F324DE90078B962 /* CDMarkdownLevelElement.swift in Sources */ = {isa = PBXBuildFile; fileRef = B2B366171F324DE90078B962 /* CDMarkdownLevelElement.swift */; };
		B2B366311F324DE90078B962 /* CDMarkdownLinkElement.swift in Sources */ = {isa = PBXBuildFile; fileRef = B2B366181F324DE90078B962 /* CDMarkdownLinkElement.swift */; };
		B2B366321F324DE90078B962 /* CDMarkdownQuote.swift in Sources */ = {isa = PBXBuildFile; fileRef = B2B366191F324DE90078B962 /* CDMarkdownQuote.swift */; };
		B2B366331F324DE90078B962 /* CDMarkdownStyle.swift in Sources */ = {isa = PBXBuildFile; fileRef = B2B3661A1F324DE90078B962 /* CDMarkdownStyle.swift */; };
		B2B366341F324DE90078B962 /* CDMarkdownSyntax.swift in Sources */ = {isa = PBXBuildFile; fileRef = B2B3661B1F324DE90078B962 /* CDMarkdownSyntax.swift */; };
		B2B366351F324DE90078B962 /* CDMarkdownUnescaping.swift in Sources */ = {isa = PBXBuildFile; fileRef = B2B3661C1F324DE90078B962 /* CDMarkdownUnescaping.swift */; };
		B2B366361F324DE90078B962 /* String+CDMarkdownKit.swift in Sources */ = {isa = PBXBuildFile; fileRef = B2B3661D1F324DE90078B962 /* String+CDMarkdownKit.swift */; };
		B2B366371F324DE90078B962 /* CDColor+CDMarkdownKit.swift in Sources */ = {isa = PBXBuildFile; fileRef = B2B3661E1F324DE90078B962 /* CDColor+CDMarkdownKit.swift */; };
		B2B366381F324DE90078B962 /* CDFont+CDMarkdownKit.swift in Sources */ = {isa = PBXBuildFile; fileRef = B2B3661F1F324DE90078B962 /* CDFont+CDMarkdownKit.swift */; };
		B2CAD0A128FC20150069CA4B /* CDMarkdownStrikethrough.swift in Sources */ = {isa = PBXBuildFile; fileRef = B2CAD0A028FC20150069CA4B /* CDMarkdownStrikethrough.swift */; };
		B2CAD0A228FC20150069CA4B /* CDMarkdownStrikethrough.swift in Sources */ = {isa = PBXBuildFile; fileRef = B2CAD0A028FC20150069CA4B /* CDMarkdownStrikethrough.swift */; };
		B2CAD0A328FC20150069CA4B /* CDMarkdownStrikethrough.swift in Sources */ = {isa = PBXBuildFile; fileRef = B2CAD0A028FC20150069CA4B /* CDMarkdownStrikethrough.swift */; };
		B2CAD0A428FC20150069CA4B /* CDMarkdownStrikethrough.swift in Sources */ = {isa = PBXBuildFile; fileRef = B2CAD0A028FC20150069CA4B /* CDMarkdownStrikethrough.swift */; };
/* End PBXBuildFile section */

/* Begin PBXFileReference section */
		5F0AD09421063D36007B718F /* CDImage+CDMarkdownKit.swift */ = {isa = PBXFileReference; lastKnownFileType = sourcecode.swift; path = "CDImage+CDMarkdownKit.swift"; sourceTree = "<group>"; };
		B205C6651FC129EB00E74CBA /* CDColor.swift */ = {isa = PBXFileReference; lastKnownFileType = sourcecode.swift; path = CDColor.swift; sourceTree = "<group>"; };
		B205C66A1FC129FC00E74CBA /* CDFont.swift */ = {isa = PBXFileReference; lastKnownFileType = sourcecode.swift; path = CDFont.swift; sourceTree = "<group>"; };
		B205C66F1FC135DF00E74CBA /* CDImage.swift */ = {isa = PBXFileReference; lastKnownFileType = sourcecode.swift; path = CDImage.swift; sourceTree = "<group>"; };
		B22C0E8021B18AA8006CE401 /* NSMutableAttributedString+CDMarkdownKit.swift */ = {isa = PBXFileReference; lastKnownFileType = sourcecode.swift; path = "NSMutableAttributedString+CDMarkdownKit.swift"; sourceTree = "<group>"; };
		B22C0E8521B195C4006CE401 /* NSTextCheckingResult+CDMarkdownKit.swift */ = {isa = PBXFileReference; lastKnownFileType = sourcecode.swift; path = "NSTextCheckingResult+CDMarkdownKit.swift"; sourceTree = "<group>"; };
		B22C0E8D21B1AAD5006CE401 /* NSTextStorage+CDMarkdownKit.swift */ = {isa = PBXFileReference; lastKnownFileType = sourcecode.swift; path = "NSTextStorage+CDMarkdownKit.swift"; sourceTree = "<group>"; };
		B22C0E9221B1AD16006CE401 /* NSAttributedString+CDMarkdownKit.swift */ = {isa = PBXFileReference; lastKnownFileType = sourcecode.swift; path = "NSAttributedString+CDMarkdownKit.swift"; sourceTree = "<group>"; };
		B255AD8120D7FADF00E8044D /* .swiftlint.yml */ = {isa = PBXFileReference; lastKnownFileType = text; path = .swiftlint.yml; sourceTree = "<group>"; };
		B255AD8520D8000A00E8044D /* CDAttributedStringKey.swift */ = {isa = PBXFileReference; lastKnownFileType = sourcecode.swift; path = CDAttributedStringKey.swift; sourceTree = "<group>"; };
		B26790392868AC0E00DFAAA5 /* CDMarkdownKit.swift */ = {isa = PBXFileReference; lastKnownFileType = sourcecode.swift; path = CDMarkdownKit.swift; sourceTree = "<group>"; };
		B267903E2868B2D700DFAAA5 /* ci.yml */ = {isa = PBXFileReference; lastKnownFileType = text.yaml; name = ci.yml; path = .github/workflows/ci.yml; sourceTree = "<group>"; };
		B27A77FF1FC13F7D001491C6 /* CDMarkdownKit.podspec */ = {isa = PBXFileReference; fileEncoding = 4; lastKnownFileType = text; path = CDMarkdownKit.podspec; sourceTree = "<group>"; };
		B27A78001FC13F7D001491C6 /* Package.swift */ = {isa = PBXFileReference; fileEncoding = 4; lastKnownFileType = sourcecode.swift; path = Package.swift; sourceTree = "<group>"; };
		B27A78011FC13F7D001491C6 /* LICENSE */ = {isa = PBXFileReference; fileEncoding = 4; lastKnownFileType = text; path = LICENSE; sourceTree = "<group>"; };
		B27A78061FC13F87001491C6 /* README.md */ = {isa = PBXFileReference; fileEncoding = 4; lastKnownFileType = net.daringfireball.markdown; path = README.md; sourceTree = "<group>"; };
		B27A78081FC13F87001491C6 /* CHANGELOG.md */ = {isa = PBXFileReference; fileEncoding = 4; lastKnownFileType = net.daringfireball.markdown; path = CHANGELOG.md; sourceTree = "<group>"; };
		B29FE73B21AF01B6009A4BC1 /* Dictionary+CDMarkdownKit.swift */ = {isa = PBXFileReference; lastKnownFileType = sourcecode.swift; path = "Dictionary+CDMarkdownKit.swift"; sourceTree = "<group>"; };
		B2ACA0771FBF93ED00EABEF6 /* CDMarkdownKit.framework */ = {isa = PBXFileReference; explicitFileType = wrapper.framework; includeInIndex = 0; path = CDMarkdownKit.framework; sourceTree = BUILT_PRODUCTS_DIR; };
		B2ACA0841FBF940700EABEF6 /* CDMarkdownKit.framework */ = {isa = PBXFileReference; explicitFileType = wrapper.framework; includeInIndex = 0; path = CDMarkdownKit.framework; sourceTree = BUILT_PRODUCTS_DIR; };
		B2ACA0911FBF941B00EABEF6 /* CDMarkdownKit.framework */ = {isa = PBXFileReference; explicitFileType = wrapper.framework; includeInIndex = 0; path = CDMarkdownKit.framework; sourceTree = BUILT_PRODUCTS_DIR; };
		B2B365B71F3245800078B962 /* CDMarkdownKit.framework */ = {isa = PBXFileReference; explicitFileType = wrapper.framework; includeInIndex = 0; path = CDMarkdownKit.framework; sourceTree = BUILT_PRODUCTS_DIR; };
		B2B366031F324CF10078B962 /* Info.plist */ = {isa = PBXFileReference; fileEncoding = 4; lastKnownFileType = text.plist.xml; path = Info.plist; sourceTree = "<group>"; };
		B2B366071F324DE90078B962 /* CDMarkdownImage.swift */ = {isa = PBXFileReference; fileEncoding = 4; lastKnownFileType = sourcecode.swift; path = CDMarkdownImage.swift; sourceTree = "<group>"; };
		B2B366081F324DE90078B962 /* CDMarkdownLink.swift */ = {isa = PBXFileReference; fileEncoding = 4; lastKnownFileType = sourcecode.swift; path = CDMarkdownLink.swift; sourceTree = "<group>"; };
		B2B366091F324DE90078B962 /* CDMarkdownParser.swift */ = {isa = PBXFileReference; fileEncoding = 4; lastKnownFileType = sourcecode.swift; path = CDMarkdownParser.swift; sourceTree = "<group>"; };
		B2B3660A1F324DE90078B962 /* CDMarkdownLabel.swift */ = {isa = PBXFileReference; fileEncoding = 4; lastKnownFileType = sourcecode.swift; path = CDMarkdownLabel.swift; sourceTree = "<group>"; };
		B2B3660B1F324DE90078B962 /* CDMarkdownAutomaticLink.swift */ = {isa = PBXFileReference; fileEncoding = 4; lastKnownFileType = sourcecode.swift; path = CDMarkdownAutomaticLink.swift; sourceTree = "<group>"; };
		B2B3660C1F324DE90078B962 /* CDMarkdownBold.swift */ = {isa = PBXFileReference; fileEncoding = 4; lastKnownFileType = sourcecode.swift; path = CDMarkdownBold.swift; sourceTree = "<group>"; };
		B2B3660D1F324DE90078B962 /* CDMarkdownCode.swift */ = {isa = PBXFileReference; fileEncoding = 4; lastKnownFileType = sourcecode.swift; path = CDMarkdownCode.swift; sourceTree = "<group>"; };
		B2B3660E1F324DE90078B962 /* CDMarkdownHeader.swift */ = {isa = PBXFileReference; fileEncoding = 4; lastKnownFileType = sourcecode.swift; path = CDMarkdownHeader.swift; sourceTree = "<group>"; };
		B2B3660F1F324DE90078B962 /* CDMarkdownItalic.swift */ = {isa = PBXFileReference; fileEncoding = 4; lastKnownFileType = sourcecode.swift; path = CDMarkdownItalic.swift; sourceTree = "<group>"; };
		B2B366101F324DE90078B962 /* CDMarkdownList.swift */ = {isa = PBXFileReference; fileEncoding = 4; lastKnownFileType = sourcecode.swift; path = CDMarkdownList.swift; sourceTree = "<group>"; };
		B2B366111F324DE90078B962 /* CDMarkdownTextView.swift */ = {isa = PBXFileReference; fileEncoding = 4; lastKnownFileType = sourcecode.swift; path = CDMarkdownTextView.swift; sourceTree = "<group>"; };
		B2B366121F324DE90078B962 /* CDMarkdownCodeEscaping.swift */ = {isa = PBXFileReference; fileEncoding = 4; lastKnownFileType = sourcecode.swift; path = CDMarkdownCodeEscaping.swift; sourceTree = "<group>"; };
		B2B366131F324DE90078B962 /* CDMarkdownCommonElement.swift */ = {isa = PBXFileReference; fileEncoding = 4; lastKnownFileType = sourcecode.swift; path = CDMarkdownCommonElement.swift; sourceTree = "<group>"; };
		B2B366141F324DE90078B962 /* CDMarkdownElement.swift */ = {isa = PBXFileReference; fileEncoding = 4; lastKnownFileType = sourcecode.swift; path = CDMarkdownElement.swift; sourceTree = "<group>"; };
		B2B366151F324DE90078B962 /* CDMarkdownEscaping.swift */ = {isa = PBXFileReference; fileEncoding = 4; lastKnownFileType = sourcecode.swift; path = CDMarkdownEscaping.swift; sourceTree = "<group>"; };
		B2B366161F324DE90078B962 /* CDMarkdownLayoutManager.swift */ = {isa = PBXFileReference; fileEncoding = 4; lastKnownFileType = sourcecode.swift; path = CDMarkdownLayoutManager.swift; sourceTree = "<group>"; };
		B2B366171F324DE90078B962 /* CDMarkdownLevelElement.swift */ = {isa = PBXFileReference; fileEncoding = 4; lastKnownFileType = sourcecode.swift; path = CDMarkdownLevelElement.swift; sourceTree = "<group>"; };
		B2B366181F324DE90078B962 /* CDMarkdownLinkElement.swift */ = {isa = PBXFileReference; fileEncoding = 4; lastKnownFileType = sourcecode.swift; path = CDMarkdownLinkElement.swift; sourceTree = "<group>"; };
		B2B366191F324DE90078B962 /* CDMarkdownQuote.swift */ = {isa = PBXFileReference; fileEncoding = 4; lastKnownFileType = sourcecode.swift; path = CDMarkdownQuote.swift; sourceTree = "<group>"; };
		B2B3661A1F324DE90078B962 /* CDMarkdownStyle.swift */ = {isa = PBXFileReference; fileEncoding = 4; lastKnownFileType = sourcecode.swift; path = CDMarkdownStyle.swift; sourceTree = "<group>"; };
		B2B3661B1F324DE90078B962 /* CDMarkdownSyntax.swift */ = {isa = PBXFileReference; fileEncoding = 4; lastKnownFileType = sourcecode.swift; path = CDMarkdownSyntax.swift; sourceTree = "<group>"; };
		B2B3661C1F324DE90078B962 /* CDMarkdownUnescaping.swift */ = {isa = PBXFileReference; fileEncoding = 4; lastKnownFileType = sourcecode.swift; path = CDMarkdownUnescaping.swift; sourceTree = "<group>"; };
		B2B3661D1F324DE90078B962 /* String+CDMarkdownKit.swift */ = {isa = PBXFileReference; fileEncoding = 4; lastKnownFileType = sourcecode.swift; path = "String+CDMarkdownKit.swift"; sourceTree = "<group>"; };
		B2B3661E1F324DE90078B962 /* CDColor+CDMarkdownKit.swift */ = {isa = PBXFileReference; fileEncoding = 4; lastKnownFileType = sourcecode.swift; path = "CDColor+CDMarkdownKit.swift"; sourceTree = "<group>"; };
		B2B3661F1F324DE90078B962 /* CDFont+CDMarkdownKit.swift */ = {isa = PBXFileReference; fileEncoding = 4; lastKnownFileType = sourcecode.swift; path = "CDFont+CDMarkdownKit.swift"; sourceTree = "<group>"; };
		B2CAD0A028FC20150069CA4B /* CDMarkdownStrikethrough.swift */ = {isa = PBXFileReference; lastKnownFileType = sourcecode.swift; path = CDMarkdownStrikethrough.swift; sourceTree = "<group>"; };
		B2D61BD320CF62F80091BFFF /* ISSUE_TEMPLATE.md */ = {isa = PBXFileReference; lastKnownFileType = net.daringfireball.markdown; name = ISSUE_TEMPLATE.md; path = .github/ISSUE_TEMPLATE.md; sourceTree = "<group>"; };
		B2D61BD420CF62F80091BFFF /* PULL_REQUEST_TEMPLATE.md */ = {isa = PBXFileReference; lastKnownFileType = net.daringfireball.markdown; name = PULL_REQUEST_TEMPLATE.md; path = .github/PULL_REQUEST_TEMPLATE.md; sourceTree = "<group>"; };
		B2FD53B520CFACA3004E97B5 /* CONTRIBUTING.md */ = {isa = PBXFileReference; lastKnownFileType = net.daringfireball.markdown; path = CONTRIBUTING.md; sourceTree = "<group>"; };
/* End PBXFileReference section */

/* Begin PBXFrameworksBuildPhase section */
		B2ACA0731FBF93ED00EABEF6 /* Frameworks */ = {
			isa = PBXFrameworksBuildPhase;
			buildActionMask = 2147483647;
			files = (
			);
			runOnlyForDeploymentPostprocessing = 0;
		};
		B2ACA0801FBF940700EABEF6 /* Frameworks */ = {
			isa = PBXFrameworksBuildPhase;
			buildActionMask = 2147483647;
			files = (
			);
			runOnlyForDeploymentPostprocessing = 0;
		};
		B2ACA08D1FBF941B00EABEF6 /* Frameworks */ = {
			isa = PBXFrameworksBuildPhase;
			buildActionMask = 2147483647;
			files = (
			);
			runOnlyForDeploymentPostprocessing = 0;
		};
		B2B365B31F3245800078B962 /* Frameworks */ = {
			isa = PBXFrameworksBuildPhase;
			buildActionMask = 2147483647;
			files = (
			);
			runOnlyForDeploymentPostprocessing = 0;
		};
/* End PBXFrameworksBuildPhase section */

/* Begin PBXGroup section */
		B205C6641FC129D200E74CBA /* Helpers */ = {
			isa = PBXGroup;
			children = (
				B255AD8520D8000A00E8044D /* CDAttributedStringKey.swift */,
				B205C6651FC129EB00E74CBA /* CDColor.swift */,
				B205C66A1FC129FC00E74CBA /* CDFont.swift */,
				B205C66F1FC135DF00E74CBA /* CDImage.swift */,
			);
			name = Helpers;
			sourceTree = "<group>";
		};
		B27A77FD1FC13F69001491C6 /* Documentation */ = {
			isa = PBXGroup;
			children = (
				B27A78081FC13F87001491C6 /* CHANGELOG.md */,
				B2FD53B520CFACA3004E97B5 /* CONTRIBUTING.md */,
				B2D61BD320CF62F80091BFFF /* ISSUE_TEMPLATE.md */,
				B2D61BD420CF62F80091BFFF /* PULL_REQUEST_TEMPLATE.md */,
				B27A78061FC13F87001491C6 /* README.md */,
			);
			name = Documentation;
			sourceTree = "<group>";
		};
		B27A77FE1FC13F6F001491C6 /* Deployment */ = {
			isa = PBXGroup;
			children = (
				B255AD8120D7FADF00E8044D /* .swiftlint.yml */,
				B27A77FF1FC13F7D001491C6 /* CDMarkdownKit.podspec */,
				B267903E2868B2D700DFAAA5 /* ci.yml */,
				B27A78011FC13F7D001491C6 /* LICENSE */,
				B27A78001FC13F7D001491C6 /* Package.swift */,
			);
			name = Deployment;
			sourceTree = "<group>";
		};
		B2B365AD1F3245800078B962 = {
			isa = PBXGroup;
			children = (
				B27A77FE1FC13F6F001491C6 /* Deployment */,
				B27A77FD1FC13F69001491C6 /* Documentation */,
				B2B366011F324CF10078B962 /* Source */,
				B2B365B81F3245800078B962 /* Products */,
			);
			sourceTree = "<group>";
		};
		B2B365B81F3245800078B962 /* Products */ = {
			isa = PBXGroup;
			children = (
				B2B365B71F3245800078B962 /* CDMarkdownKit.framework */,
				B2ACA0771FBF93ED00EABEF6 /* CDMarkdownKit.framework */,
				B2ACA0841FBF940700EABEF6 /* CDMarkdownKit.framework */,
				B2ACA0911FBF941B00EABEF6 /* CDMarkdownKit.framework */,
			);
			name = Products;
			sourceTree = "<group>";
		};
		B2B366011F324CF10078B962 /* Source */ = {
			isa = PBXGroup;
			children = (
				B26790392868AC0E00DFAAA5 /* CDMarkdownKit.swift */,
				B2B366091F324DE90078B962 /* CDMarkdownParser.swift */,
				B2B366391F324DF50078B962 /* Elements */,
				B2B3663B1F324E5D0078B962 /* Extensions */,
				B205C6641FC129D200E74CBA /* Helpers */,
				B2B3663C1F324E750078B962 /* Protocols */,
				B2B3663D1F324E940078B962 /* UI */,
				B2B366061F324D2A0078B962 /* Supporting Files */,
			);
			path = Source;
			sourceTree = "<group>";
		};
		B2B366061F324D2A0078B962 /* Supporting Files */ = {
			isa = PBXGroup;
			children = (
				B2B366031F324CF10078B962 /* Info.plist */,
			);
			name = "Supporting Files";
			sourceTree = "<group>";
		};
		B2B366391F324DF50078B962 /* Elements */ = {
			isa = PBXGroup;
			children = (
				B2B3660B1F324DE90078B962 /* CDMarkdownAutomaticLink.swift */,
				B2B3660C1F324DE90078B962 /* CDMarkdownBold.swift */,
				B2B3660D1F324DE90078B962 /* CDMarkdownCode.swift */,
				B2B3660E1F324DE90078B962 /* CDMarkdownHeader.swift */,
				B2B366071F324DE90078B962 /* CDMarkdownImage.swift */,
				B2B3660F1F324DE90078B962 /* CDMarkdownItalic.swift */,
				B2B366081F324DE90078B962 /* CDMarkdownLink.swift */,
				B2B366101F324DE90078B962 /* CDMarkdownList.swift */,
				B2B366191F324DE90078B962 /* CDMarkdownQuote.swift */,
				B2CAD0A028FC20150069CA4B /* CDMarkdownStrikethrough.swift */,
				B2B3661B1F324DE90078B962 /* CDMarkdownSyntax.swift */,
				B2B3663A1F324E040078B962 /* Escaping */,
			);
			name = Elements;
			sourceTree = "<group>";
		};
		B2B3663A1F324E040078B962 /* Escaping */ = {
			isa = PBXGroup;
			children = (
				B2B366121F324DE90078B962 /* CDMarkdownCodeEscaping.swift */,
				B2B366151F324DE90078B962 /* CDMarkdownEscaping.swift */,
				B2B3661C1F324DE90078B962 /* CDMarkdownUnescaping.swift */,
			);
			name = Escaping;
			sourceTree = "<group>";
		};
		B2B3663B1F324E5D0078B962 /* Extensions */ = {
			isa = PBXGroup;
			children = (
				B2B3661E1F324DE90078B962 /* CDColor+CDMarkdownKit.swift */,
				B2B3661F1F324DE90078B962 /* CDFont+CDMarkdownKit.swift */,
				5F0AD09421063D36007B718F /* CDImage+CDMarkdownKit.swift */,
				B29FE73B21AF01B6009A4BC1 /* Dictionary+CDMarkdownKit.swift */,
				B22C0E9221B1AD16006CE401 /* NSAttributedString+CDMarkdownKit.swift */,
				B22C0E8021B18AA8006CE401 /* NSMutableAttributedString+CDMarkdownKit.swift */,
				B22C0E8521B195C4006CE401 /* NSTextCheckingResult+CDMarkdownKit.swift */,
				B22C0E8D21B1AAD5006CE401 /* NSTextStorage+CDMarkdownKit.swift */,
				B2B3661D1F324DE90078B962 /* String+CDMarkdownKit.swift */,
			);
			name = Extensions;
			sourceTree = "<group>";
		};
		B2B3663C1F324E750078B962 /* Protocols */ = {
			isa = PBXGroup;
			children = (
				B2B366131F324DE90078B962 /* CDMarkdownCommonElement.swift */,
				B2B366141F324DE90078B962 /* CDMarkdownElement.swift */,
				B2B366171F324DE90078B962 /* CDMarkdownLevelElement.swift */,
				B2B366181F324DE90078B962 /* CDMarkdownLinkElement.swift */,
				B2B3661A1F324DE90078B962 /* CDMarkdownStyle.swift */,
			);
			name = Protocols;
			sourceTree = "<group>";
		};
		B2B3663D1F324E940078B962 /* UI */ = {
			isa = PBXGroup;
			children = (
				B2B3660A1F324DE90078B962 /* CDMarkdownLabel.swift */,
				B2B366161F324DE90078B962 /* CDMarkdownLayoutManager.swift */,
				B2B366111F324DE90078B962 /* CDMarkdownTextView.swift */,
			);
			name = UI;
			sourceTree = "<group>";
		};
/* End PBXGroup section */

/* Begin PBXNativeTarget section */
		B2ACA0761FBF93ED00EABEF6 /* CDMarkdownKit macOS */ = {
			isa = PBXNativeTarget;
			buildConfigurationList = B2ACA07C1FBF93ED00EABEF6 /* Build configuration list for PBXNativeTarget "CDMarkdownKit macOS" */;
			buildPhases = (
				B2ACA0721FBF93ED00EABEF6 /* Sources */,
				B2ACA0731FBF93ED00EABEF6 /* Frameworks */,
				B2ACA0751FBF93ED00EABEF6 /* Resources */,
				B2CC862C20D4553C00170627 /* Swift Lint */,
			);
			buildRules = (
			);
			dependencies = (
			);
			name = "CDMarkdownKit macOS";
			productName = CDMarkdownKit;
			productReference = B2ACA0771FBF93ED00EABEF6 /* CDMarkdownKit.framework */;
			productType = "com.apple.product-type.framework";
		};
		B2ACA0831FBF940700EABEF6 /* CDMarkdownKit tvOS */ = {
			isa = PBXNativeTarget;
			buildConfigurationList = B2ACA0891FBF940700EABEF6 /* Build configuration list for PBXNativeTarget "CDMarkdownKit tvOS" */;
			buildPhases = (
				B2ACA07F1FBF940700EABEF6 /* Sources */,
				B2ACA0801FBF940700EABEF6 /* Frameworks */,
				B2ACA0821FBF940700EABEF6 /* Resources */,
				B2CC862D20D4554B00170627 /* Swift Lint */,
			);
			buildRules = (
			);
			dependencies = (
			);
			name = "CDMarkdownKit tvOS";
			productName = CDMarkdownKit;
			productReference = B2ACA0841FBF940700EABEF6 /* CDMarkdownKit.framework */;
			productType = "com.apple.product-type.framework";
		};
		B2ACA0901FBF941B00EABEF6 /* CDMarkdownKit watchOS */ = {
			isa = PBXNativeTarget;
			buildConfigurationList = B2ACA0961FBF941B00EABEF6 /* Build configuration list for PBXNativeTarget "CDMarkdownKit watchOS" */;
			buildPhases = (
				B2ACA08C1FBF941B00EABEF6 /* Sources */,
				B2ACA08D1FBF941B00EABEF6 /* Frameworks */,
				B2ACA08F1FBF941B00EABEF6 /* Resources */,
				B2CC862E20D4555900170627 /* Swift Lint */,
			);
			buildRules = (
			);
			dependencies = (
			);
			name = "CDMarkdownKit watchOS";
			productName = CDMarkdownKit;
			productReference = B2ACA0911FBF941B00EABEF6 /* CDMarkdownKit.framework */;
			productType = "com.apple.product-type.framework";
		};
		B2B365B61F3245800078B962 /* CDMarkdownKit iOS */ = {
			isa = PBXNativeTarget;
			buildConfigurationList = B2B365BF1F3245800078B962 /* Build configuration list for PBXNativeTarget "CDMarkdownKit iOS" */;
			buildPhases = (
				B2B365B21F3245800078B962 /* Sources */,
				B2B365B31F3245800078B962 /* Frameworks */,
				B2B365B51F3245800078B962 /* Resources */,
				B2CC862B20D4552C00170627 /* Swift Lint */,
			);
			buildRules = (
			);
			dependencies = (
			);
			name = "CDMarkdownKit iOS";
			productName = CDMarkdownKit;
			productReference = B2B365B71F3245800078B962 /* CDMarkdownKit.framework */;
			productType = "com.apple.product-type.framework";
		};
/* End PBXNativeTarget section */

/* Begin PBXProject section */
		B2B365AE1F3245800078B962 /* Project object */ = {
			isa = PBXProject;
			attributes = {
				LastUpgradeCheck = 1410;
				ORGANIZATIONNAME = "Christopher de Haan";
				TargetAttributes = {
					B2ACA0761FBF93ED00EABEF6 = {
						CreatedOnToolsVersion = 9.1;
						LastSwiftMigration = 0940;
						ProvisioningStyle = Automatic;
					};
					B2ACA0831FBF940700EABEF6 = {
						CreatedOnToolsVersion = 9.1;
						LastSwiftMigration = 0940;
						ProvisioningStyle = Automatic;
					};
					B2ACA0901FBF941B00EABEF6 = {
						CreatedOnToolsVersion = 9.1;
						LastSwiftMigration = 0940;
						ProvisioningStyle = Automatic;
					};
					B2B365B61F3245800078B962 = {
						CreatedOnToolsVersion = 8.3.3;
						LastSwiftMigration = 0940;
						ProvisioningStyle = Automatic;
					};
				};
			};
			buildConfigurationList = B2B365B11F3245800078B962 /* Build configuration list for PBXProject "CDMarkdownKit" */;
			compatibilityVersion = "Xcode 3.2";
			developmentRegion = en;
			hasScannedForEncodings = 0;
			knownRegions = (
				en,
				Base,
			);
			mainGroup = B2B365AD1F3245800078B962;
			productRefGroup = B2B365B81F3245800078B962 /* Products */;
			projectDirPath = "";
			projectRoot = "";
			targets = (
				B2B365B61F3245800078B962 /* CDMarkdownKit iOS */,
				B2ACA0761FBF93ED00EABEF6 /* CDMarkdownKit macOS */,
				B2ACA0831FBF940700EABEF6 /* CDMarkdownKit tvOS */,
				B2ACA0901FBF941B00EABEF6 /* CDMarkdownKit watchOS */,
			);
		};
/* End PBXProject section */

/* Begin PBXResourcesBuildPhase section */
		B2ACA0751FBF93ED00EABEF6 /* Resources */ = {
			isa = PBXResourcesBuildPhase;
			buildActionMask = 2147483647;
			files = (
			);
			runOnlyForDeploymentPostprocessing = 0;
		};
		B2ACA0821FBF940700EABEF6 /* Resources */ = {
			isa = PBXResourcesBuildPhase;
			buildActionMask = 2147483647;
			files = (
			);
			runOnlyForDeploymentPostprocessing = 0;
		};
		B2ACA08F1FBF941B00EABEF6 /* Resources */ = {
			isa = PBXResourcesBuildPhase;
			buildActionMask = 2147483647;
			files = (
			);
			runOnlyForDeploymentPostprocessing = 0;
		};
		B2B365B51F3245800078B962 /* Resources */ = {
			isa = PBXResourcesBuildPhase;
			buildActionMask = 2147483647;
			files = (
			);
			runOnlyForDeploymentPostprocessing = 0;
		};
/* End PBXResourcesBuildPhase section */

/* Begin PBXShellScriptBuildPhase section */
		B2CC862B20D4552C00170627 /* Swift Lint */ = {
			isa = PBXShellScriptBuildPhase;
			alwaysOutOfDate = 1;
			buildActionMask = 2147483647;
			files = (
			);
			inputPaths = (
			);
			name = "Swift Lint";
			outputPaths = (
			);
			runOnlyForDeploymentPostprocessing = 0;
			shellPath = /bin/sh;
			shellScript = "if which swiftlint >/dev/null; then\n    swiftlint lint\nelse\n    echo \"warning: SwiftLint not installed, download from https://github.com/realm/SwiftLint\"\nfi\n";
		};
		B2CC862C20D4553C00170627 /* Swift Lint */ = {
			isa = PBXShellScriptBuildPhase;
			alwaysOutOfDate = 1;
			buildActionMask = 2147483647;
			files = (
			);
			inputPaths = (
			);
			name = "Swift Lint";
			outputPaths = (
			);
			runOnlyForDeploymentPostprocessing = 0;
			shellPath = /bin/sh;
			shellScript = "if which swiftlint >/dev/null; then\n    swiftlint lint\nelse\n    echo \"warning: SwiftLint not installed, download from https://github.com/realm/SwiftLint\"\nfi\n";
		};
		B2CC862D20D4554B00170627 /* Swift Lint */ = {
			isa = PBXShellScriptBuildPhase;
			alwaysOutOfDate = 1;
			buildActionMask = 2147483647;
			files = (
			);
			inputPaths = (
			);
			name = "Swift Lint";
			outputPaths = (
			);
			runOnlyForDeploymentPostprocessing = 0;
			shellPath = /bin/sh;
			shellScript = "if which swiftlint >/dev/null; then\n    swiftlint lint\nelse\n    echo \"warning: SwiftLint not installed, download from https://github.com/realm/SwiftLint\"\nfi\n";
		};
		B2CC862E20D4555900170627 /* Swift Lint */ = {
			isa = PBXShellScriptBuildPhase;
			alwaysOutOfDate = 1;
			buildActionMask = 2147483647;
			files = (
			);
			inputPaths = (
			);
			name = "Swift Lint";
			outputPaths = (
			);
			runOnlyForDeploymentPostprocessing = 0;
			shellPath = /bin/sh;
			shellScript = "if which swiftlint >/dev/null; then\n    swiftlint lint\nelse\n    echo \"warning: SwiftLint not installed, download from https://github.com/realm/SwiftLint\"\nfi\n";
		};
/* End PBXShellScriptBuildPhase section */

/* Begin PBXSourcesBuildPhase section */
		B2ACA0721FBF93ED00EABEF6 /* Sources */ = {
			isa = PBXSourcesBuildPhase;
			buildActionMask = 2147483647;
			files = (
				B205C6671FC129EB00E74CBA /* CDColor.swift in Sources */,
				B205C66C1FC129FD00E74CBA /* CDFont.swift in Sources */,
				B205C6711FC135DF00E74CBA /* CDImage.swift in Sources */,
				5F0AD09621063D36007B718F /* CDImage+CDMarkdownKit.swift in Sources */,
				B2ACA09F1FBF95A400EABEF6 /* CDMarkdownAutomaticLink.swift in Sources */,
				B2ACA0A01FBF95A400EABEF6 /* CDMarkdownBold.swift in Sources */,
				B2ACA0A11FBF95A400EABEF6 /* CDMarkdownCode.swift in Sources */,
				B2ACA0A91FBF95A400EABEF6 /* CDMarkdownCodeEscaping.swift in Sources */,
				B2ACA0AF1FBF95A400EABEF6 /* CDMarkdownCommonElement.swift in Sources */,
				B2ACA0B01FBF95A400EABEF6 /* CDMarkdownElement.swift in Sources */,
				B2ACA0AA1FBF95A400EABEF6 /* CDMarkdownEscaping.swift in Sources */,
				B2ACA0A21FBF95A400EABEF6 /* CDMarkdownHeader.swift in Sources */,
				B267903B2868AC0E00DFAAA5 /* CDMarkdownKit.swift in Sources */,
				B2CAD0A228FC20150069CA4B /* CDMarkdownStrikethrough.swift in Sources */,
				B2ACA0A31FBF95A400EABEF6 /* CDMarkdownImage.swift in Sources */,
				B2ACA0A41FBF95A400EABEF6 /* CDMarkdownItalic.swift in Sources */,
				B29FE73D21AF01B6009A4BC1 /* Dictionary+CDMarkdownKit.swift in Sources */,
				B2ACA0B41FBF95A400EABEF6 /* CDMarkdownLabel.swift in Sources */,
				B2ACA0B51FBF95A400EABEF6 /* CDMarkdownLayoutManager.swift in Sources */,
				B2ACA0B11FBF95A400EABEF6 /* CDMarkdownLevelElement.swift in Sources */,
				B2ACA0A51FBF95A400EABEF6 /* CDMarkdownLink.swift in Sources */,
				B2ACA0B21FBF95A400EABEF6 /* CDMarkdownLinkElement.swift in Sources */,
				B255AD8720D8000A00E8044D /* CDAttributedStringKey.swift in Sources */,
				B2ACA0A61FBF95A400EABEF6 /* CDMarkdownList.swift in Sources */,
				B22C0E8F21B1AAD5006CE401 /* NSTextStorage+CDMarkdownKit.swift in Sources */,
				B22C0E9421B1AD16006CE401 /* NSAttributedString+CDMarkdownKit.swift in Sources */,
				B22C0E8721B195C4006CE401 /* NSTextCheckingResult+CDMarkdownKit.swift in Sources */,
				B2ACA09E1FBF95A400EABEF6 /* CDMarkdownParser.swift in Sources */,
				B2ACA0A71FBF95A400EABEF6 /* CDMarkdownQuote.swift in Sources */,
				B2ACA0B31FBF95A400EABEF6 /* CDMarkdownStyle.swift in Sources */,
				B2ACA0A81FBF95A400EABEF6 /* CDMarkdownSyntax.swift in Sources */,
				B2ACA0B61FBF95A400EABEF6 /* CDMarkdownTextView.swift in Sources */,
				B2ACA0AB1FBF95A400EABEF6 /* CDMarkdownUnescaping.swift in Sources */,
				B2ACA0AC1FBF95A400EABEF6 /* String+CDMarkdownKit.swift in Sources */,
				B2ACA0AD1FBF95A400EABEF6 /* CDColor+CDMarkdownKit.swift in Sources */,
				B2ACA0AE1FBF95A400EABEF6 /* CDFont+CDMarkdownKit.swift in Sources */,
				B22C0E8221B18AA8006CE401 /* NSMutableAttributedString+CDMarkdownKit.swift in Sources */,
			);
			runOnlyForDeploymentPostprocessing = 0;
		};
		B2ACA07F1FBF940700EABEF6 /* Sources */ = {
			isa = PBXSourcesBuildPhase;
			buildActionMask = 2147483647;
			files = (
				B205C6681FC129EB00E74CBA /* CDColor.swift in Sources */,
				B205C66D1FC129FD00E74CBA /* CDFont.swift in Sources */,
				B205C6721FC135DF00E74CBA /* CDImage.swift in Sources */,
				5F0AD09721063D36007B718F /* CDImage+CDMarkdownKit.swift in Sources */,
				B2ACA0B81FBF960A00EABEF6 /* CDMarkdownAutomaticLink.swift in Sources */,
				B2ACA0B91FBF960A00EABEF6 /* CDMarkdownBold.swift in Sources */,
				B2ACA0BA1FBF960A00EABEF6 /* CDMarkdownCode.swift in Sources */,
				B2ACA0C21FBF960A00EABEF6 /* CDMarkdownCodeEscaping.swift in Sources */,
				B2ACA0C81FBF960A00EABEF6 /* CDMarkdownCommonElement.swift in Sources */,
				B2ACA0C91FBF960A00EABEF6 /* CDMarkdownElement.swift in Sources */,
				B2ACA0C31FBF960A00EABEF6 /* CDMarkdownEscaping.swift in Sources */,
				B2ACA0BB1FBF960A00EABEF6 /* CDMarkdownHeader.swift in Sources */,
				B267903C2868AC0E00DFAAA5 /* CDMarkdownKit.swift in Sources */,
				B2CAD0A328FC20150069CA4B /* CDMarkdownStrikethrough.swift in Sources */,
				B2ACA0BC1FBF960A00EABEF6 /* CDMarkdownImage.swift in Sources */,
				B2ACA0BD1FBF960A00EABEF6 /* CDMarkdownItalic.swift in Sources */,
				B29FE73E21AF01B6009A4BC1 /* Dictionary+CDMarkdownKit.swift in Sources */,
				B2ACA0CD1FBF960A00EABEF6 /* CDMarkdownLabel.swift in Sources */,
				B2ACA0CE1FBF960A00EABEF6 /* CDMarkdownLayoutManager.swift in Sources */,
				B2ACA0CA1FBF960A00EABEF6 /* CDMarkdownLevelElement.swift in Sources */,
				B2ACA0BE1FBF960A00EABEF6 /* CDMarkdownLink.swift in Sources */,
				B2ACA0CB1FBF960A00EABEF6 /* CDMarkdownLinkElement.swift in Sources */,
				B255AD8820D8000A00E8044D /* CDAttributedStringKey.swift in Sources */,
				B2ACA0BF1FBF960A00EABEF6 /* CDMarkdownList.swift in Sources */,
				B22C0E9021B1AAD5006CE401 /* NSTextStorage+CDMarkdownKit.swift in Sources */,
				B22C0E9521B1AD16006CE401 /* NSAttributedString+CDMarkdownKit.swift in Sources */,
				B22C0E8821B195C4006CE401 /* NSTextCheckingResult+CDMarkdownKit.swift in Sources */,
				B2ACA0C01FBF960A00EABEF6 /* CDMarkdownQuote.swift in Sources */,
				B2ACA0B71FBF960A00EABEF6 /* CDMarkdownParser.swift in Sources */,
				B2ACA0CC1FBF960A00EABEF6 /* CDMarkdownStyle.swift in Sources */,
				B2ACA0C11FBF960A00EABEF6 /* CDMarkdownSyntax.swift in Sources */,
				B2ACA0CF1FBF960A00EABEF6 /* CDMarkdownTextView.swift in Sources */,
				B2ACA0C41FBF960A00EABEF6 /* CDMarkdownUnescaping.swift in Sources */,
				B2ACA0C51FBF960A00EABEF6 /* String+CDMarkdownKit.swift in Sources */,
				B2ACA0C61FBF960A00EABEF6 /* CDColor+CDMarkdownKit.swift in Sources */,
				B2ACA0C71FBF960A00EABEF6 /* CDFont+CDMarkdownKit.swift in Sources */,
				B22C0E8321B18AA8006CE401 /* NSMutableAttributedString+CDMarkdownKit.swift in Sources */,
			);
			runOnlyForDeploymentPostprocessing = 0;
		};
		B2ACA08C1FBF941B00EABEF6 /* Sources */ = {
			isa = PBXSourcesBuildPhase;
			buildActionMask = 2147483647;
			files = (
				B205C6691FC129EB00E74CBA /* CDColor.swift in Sources */,
				B205C66E1FC129FD00E74CBA /* CDFont.swift in Sources */,
				B205C6731FC135DF00E74CBA /* CDImage.swift in Sources */,
				5F0AD09821063D36007B718F /* CDImage+CDMarkdownKit.swift in Sources */,
				B2ACA0D11FBF967800EABEF6 /* CDMarkdownAutomaticLink.swift in Sources */,
				B2ACA0D21FBF967800EABEF6 /* CDMarkdownBold.swift in Sources */,
				B2ACA0D31FBF967800EABEF6 /* CDMarkdownCode.swift in Sources */,
				B2ACA0DB1FBF967800EABEF6 /* CDMarkdownCodeEscaping.swift in Sources */,
				B2ACA0E11FBF967800EABEF6 /* CDMarkdownCommonElement.swift in Sources */,
				B2ACA0E21FBF967800EABEF6 /* CDMarkdownElement.swift in Sources */,
				B2ACA0DC1FBF967800EABEF6 /* CDMarkdownEscaping.swift in Sources */,
				B2ACA0D41FBF967800EABEF6 /* CDMarkdownHeader.swift in Sources */,
				B267903D2868AC0E00DFAAA5 /* CDMarkdownKit.swift in Sources */,
				B2CAD0A428FC20150069CA4B /* CDMarkdownStrikethrough.swift in Sources */,
				B2ACA0D51FBF967800EABEF6 /* CDMarkdownImage.swift in Sources */,
				B2ACA0D61FBF967800EABEF6 /* CDMarkdownItalic.swift in Sources */,
				B29FE73F21AF01B6009A4BC1 /* Dictionary+CDMarkdownKit.swift in Sources */,
				B2ACA0E61FBF967800EABEF6 /* CDMarkdownLabel.swift in Sources */,
				B2ACA0E71FBF967800EABEF6 /* CDMarkdownLayoutManager.swift in Sources */,
				B2ACA0E31FBF967800EABEF6 /* CDMarkdownLevelElement.swift in Sources */,
				B2ACA0D71FBF967800EABEF6 /* CDMarkdownLink.swift in Sources */,
				B2ACA0E41FBF967800EABEF6 /* CDMarkdownLinkElement.swift in Sources */,
				B255AD8920D8000A00E8044D /* CDAttributedStringKey.swift in Sources */,
				B2ACA0D81FBF967800EABEF6 /* CDMarkdownList.swift in Sources */,
				B22C0E9121B1AAD5006CE401 /* NSTextStorage+CDMarkdownKit.swift in Sources */,
				B22C0E9621B1AD16006CE401 /* NSAttributedString+CDMarkdownKit.swift in Sources */,
				B22C0E8921B195C4006CE401 /* NSTextCheckingResult+CDMarkdownKit.swift in Sources */,
				B2ACA0D01FBF967800EABEF6 /* CDMarkdownParser.swift in Sources */,
				B2ACA0D91FBF967800EABEF6 /* CDMarkdownQuote.swift in Sources */,
				B2ACA0E51FBF967800EABEF6 /* CDMarkdownStyle.swift in Sources */,
				B2ACA0DA1FBF967800EABEF6 /* CDMarkdownSyntax.swift in Sources */,
				B2ACA0E81FBF967800EABEF6 /* CDMarkdownTextView.swift in Sources */,
				B2ACA0DD1FBF967800EABEF6 /* CDMarkdownUnescaping.swift in Sources */,
				B2ACA0DE1FBF967800EABEF6 /* String+CDMarkdownKit.swift in Sources */,
				B2ACA0DF1FBF967800EABEF6 /* CDColor+CDMarkdownKit.swift in Sources */,
				B2ACA0E01FBF967800EABEF6 /* CDFont+CDMarkdownKit.swift in Sources */,
				B22C0E8421B18AA8006CE401 /* NSMutableAttributedString+CDMarkdownKit.swift in Sources */,
			);
			runOnlyForDeploymentPostprocessing = 0;
		};
		B2B365B21F3245800078B962 /* Sources */ = {
			isa = PBXSourcesBuildPhase;
			buildActionMask = 2147483647;
			files = (
				B205C6661FC129EB00E74CBA /* CDColor.swift in Sources */,
				B205C66B1FC129FC00E74CBA /* CDFont.swift in Sources */,
				B205C6701FC135DF00E74CBA /* CDImage.swift in Sources */,
				5F0AD09521063D36007B718F /* CDImage+CDMarkdownKit.swift in Sources */,
				B2B366241F324DE90078B962 /* CDMarkdownAutomaticLink.swift in Sources */,
				B2B366251F324DE90078B962 /* CDMarkdownBold.swift in Sources */,
				B2B366261F324DE90078B962 /* CDMarkdownCode.swift in Sources */,
				B2B3662B1F324DE90078B962 /* CDMarkdownCodeEscaping.swift in Sources */,
				B2B3662C1F324DE90078B962 /* CDMarkdownCommonElement.swift in Sources */,
				B2B3662D1F324DE90078B962 /* CDMarkdownElement.swift in Sources */,
				B2B3662E1F324DE90078B962 /* CDMarkdownEscaping.swift in Sources */,
				B2B366271F324DE90078B962 /* CDMarkdownHeader.swift in Sources */,
				B267903A2868AC0E00DFAAA5 /* CDMarkdownKit.swift in Sources */,
				B2CAD0A128FC20150069CA4B /* CDMarkdownStrikethrough.swift in Sources */,
				B2B366201F324DE90078B962 /* CDMarkdownImage.swift in Sources */,
				B2B366281F324DE90078B962 /* CDMarkdownItalic.swift in Sources */,
				B29FE73C21AF01B6009A4BC1 /* Dictionary+CDMarkdownKit.swift in Sources */,
				B2B366231F324DE90078B962 /* CDMarkdownLabel.swift in Sources */,
				B2B3662F1F324DE90078B962 /* CDMarkdownLayoutManager.swift in Sources */,
				B2B366301F324DE90078B962 /* CDMarkdownLevelElement.swift in Sources */,
				B2B366211F324DE90078B962 /* CDMarkdownLink.swift in Sources */,
				B2B366311F324DE90078B962 /* CDMarkdownLinkElement.swift in Sources */,
				B255AD8620D8000A00E8044D /* CDAttributedStringKey.swift in Sources */,
				B2B366291F324DE90078B962 /* CDMarkdownList.swift in Sources */,
				B22C0E8E21B1AAD5006CE401 /* NSTextStorage+CDMarkdownKit.swift in Sources */,
				B22C0E9321B1AD16006CE401 /* NSAttributedString+CDMarkdownKit.swift in Sources */,
				B22C0E8621B195C4006CE401 /* NSTextCheckingResult+CDMarkdownKit.swift in Sources */,
				B2B366321F324DE90078B962 /* CDMarkdownQuote.swift in Sources */,
				B2B366221F324DE90078B962 /* CDMarkdownParser.swift in Sources */,
				B2B366331F324DE90078B962 /* CDMarkdownStyle.swift in Sources */,
				B2B366341F324DE90078B962 /* CDMarkdownSyntax.swift in Sources */,
				B2B3662A1F324DE90078B962 /* CDMarkdownTextView.swift in Sources */,
				B2B366351F324DE90078B962 /* CDMarkdownUnescaping.swift in Sources */,
				B2B366361F324DE90078B962 /* String+CDMarkdownKit.swift in Sources */,
				B2B366371F324DE90078B962 /* CDColor+CDMarkdownKit.swift in Sources */,
				B2B366381F324DE90078B962 /* CDFont+CDMarkdownKit.swift in Sources */,
				B22C0E8121B18AA8006CE401 /* NSMutableAttributedString+CDMarkdownKit.swift in Sources */,
			);
			runOnlyForDeploymentPostprocessing = 0;
		};
/* End PBXSourcesBuildPhase section */

/* Begin XCBuildConfiguration section */
		B2ACA07D1FBF93ED00EABEF6 /* Debug */ = {
			isa = XCBuildConfiguration;
			buildSettings = {
				DEAD_CODE_STRIPPING = YES;
				DYLIB_COMPATIBILITY_VERSION = 1;
				DYLIB_CURRENT_VERSION = 1;
				DYLIB_INSTALL_NAME_BASE = "@rpath";
				FRAMEWORK_VERSION = A;
				INSTALL_PATH = "$(LOCAL_LIBRARY_DIR)/Frameworks";
				LD_RUNPATH_SEARCH_PATHS = (
					"$(inherited)",
					"@executable_path/../Frameworks",
					"@loader_path/Frameworks",
				);
				SDKROOT = macosx;
				SKIP_INSTALL = YES;
			};
			name = Debug;
		};
		B2ACA07E1FBF93ED00EABEF6 /* Release */ = {
			isa = XCBuildConfiguration;
			buildSettings = {
				DEAD_CODE_STRIPPING = YES;
				DYLIB_COMPATIBILITY_VERSION = 1;
				DYLIB_CURRENT_VERSION = 1;
				DYLIB_INSTALL_NAME_BASE = "@rpath";
				FRAMEWORK_VERSION = A;
				INSTALL_PATH = "$(LOCAL_LIBRARY_DIR)/Frameworks";
				LD_RUNPATH_SEARCH_PATHS = (
					"$(inherited)",
					"@executable_path/../Frameworks",
					"@loader_path/Frameworks",
				);
				SDKROOT = macosx;
				SKIP_INSTALL = YES;
			};
			name = Release;
		};
		B2ACA08A1FBF940700EABEF6 /* Debug */ = {
			isa = XCBuildConfiguration;
			buildSettings = {
				DYLIB_COMPATIBILITY_VERSION = 1;
				DYLIB_CURRENT_VERSION = 1;
				DYLIB_INSTALL_NAME_BASE = "@rpath";
				INSTALL_PATH = "$(LOCAL_LIBRARY_DIR)/Frameworks";
				LD_RUNPATH_SEARCH_PATHS = (
					"$(inherited)",
					"@executable_path/Frameworks",
					"@loader_path/Frameworks",
				);
				SDKROOT = appletvos;
				SKIP_INSTALL = YES;
			};
			name = Debug;
		};
		B2ACA08B1FBF940700EABEF6 /* Release */ = {
			isa = XCBuildConfiguration;
			buildSettings = {
				DYLIB_COMPATIBILITY_VERSION = 1;
				DYLIB_CURRENT_VERSION = 1;
				DYLIB_INSTALL_NAME_BASE = "@rpath";
				INSTALL_PATH = "$(LOCAL_LIBRARY_DIR)/Frameworks";
				LD_RUNPATH_SEARCH_PATHS = (
					"$(inherited)",
					"@executable_path/Frameworks",
					"@loader_path/Frameworks",
				);
				SDKROOT = appletvos;
				SKIP_INSTALL = YES;
			};
			name = Release;
		};
		B2ACA0971FBF941B00EABEF6 /* Debug */ = {
			isa = XCBuildConfiguration;
			buildSettings = {
				DYLIB_COMPATIBILITY_VERSION = 1;
				DYLIB_CURRENT_VERSION = 1;
				DYLIB_INSTALL_NAME_BASE = "@rpath";
				INSTALL_PATH = "$(LOCAL_LIBRARY_DIR)/Frameworks";
				LD_RUNPATH_SEARCH_PATHS = (
					"$(inherited)",
					"@executable_path/Frameworks",
					"@loader_path/Frameworks",
				);
				PRODUCT_BUNDLE_IDENTIFIER = com.christopherdehaan.CDMarkdownKit;
				SDKROOT = watchos;
				SKIP_INSTALL = YES;
			};
			name = Debug;
		};
		B2ACA0981FBF941B00EABEF6 /* Release */ = {
			isa = XCBuildConfiguration;
			buildSettings = {
				DYLIB_COMPATIBILITY_VERSION = 1;
				DYLIB_CURRENT_VERSION = 1;
				DYLIB_INSTALL_NAME_BASE = "@rpath";
				INSTALL_PATH = "$(LOCAL_LIBRARY_DIR)/Frameworks";
				LD_RUNPATH_SEARCH_PATHS = (
					"$(inherited)",
					"@executable_path/Frameworks",
					"@loader_path/Frameworks",
				);
				PRODUCT_BUNDLE_IDENTIFIER = com.christopherdehaan.CDMarkdownKit;
				SDKROOT = watchos;
				SKIP_INSTALL = YES;
			};
			name = Release;
		};
		B2B365BD1F3245800078B962 /* Debug */ = {
			isa = XCBuildConfiguration;
			buildSettings = {
				ALWAYS_SEARCH_USER_PATHS = NO;
				APPLICATION_EXTENSION_API_ONLY = YES;
				CLANG_ANALYZER_LOCALIZABILITY_NONLOCALIZED = YES;
				CLANG_CXX_LANGUAGE_STANDARD = "gnu++0x";
				CLANG_CXX_LIBRARY = "libc++";
				CLANG_ENABLE_OBJC_ARC = YES;
				CLANG_UNDEFINED_BEHAVIOR_SANITIZER_INTEGER = YES;
				CLANG_UNDEFINED_BEHAVIOR_SANITIZER_NULLABILITY = YES;
				CLANG_WARN_BLOCK_CAPTURE_AUTORELEASING = YES;
				CLANG_WARN_BOOL_CONVERSION = YES;
				CLANG_WARN_COMMA = YES;
				CLANG_WARN_CONSTANT_CONVERSION = YES;
				CLANG_WARN_DEPRECATED_OBJC_IMPLEMENTATIONS = YES;
				CLANG_WARN_DIRECT_OBJC_ISA_USAGE = YES_ERROR;
				CLANG_WARN_EMPTY_BODY = YES;
				CLANG_WARN_ENUM_CONVERSION = YES;
				CLANG_WARN_INFINITE_RECURSION = YES;
				CLANG_WARN_INT_CONVERSION = YES;
				CLANG_WARN_NON_LITERAL_NULL_CONVERSION = YES;
				CLANG_WARN_OBJC_IMPLICIT_RETAIN_SELF = YES;
				CLANG_WARN_OBJC_LITERAL_CONVERSION = YES;
				CLANG_WARN_OBJC_ROOT_CLASS = YES_ERROR;
				CLANG_WARN_QUOTED_INCLUDE_IN_FRAMEWORK_HEADER = YES;
				CLANG_WARN_RANGE_LOOP_ANALYSIS = YES;
				CLANG_WARN_STRICT_PROTOTYPES = YES;
				CLANG_WARN_SUSPICIOUS_MOVE = YES;
				CLANG_WARN_UNREACHABLE_CODE = YES;
				CLANG_WARN__DUPLICATE_METHOD_MATCH = YES;
				CODE_SIGN_STYLE = Automatic;
				COPY_PHASE_STRIP = NO;
				CURRENT_PROJECT_VERSION = 1;
				DEAD_CODE_STRIPPING = YES;
				DEBUG_INFORMATION_FORMAT = dwarf;
				ENABLE_STRICT_OBJC_MSGSEND = YES;
				ENABLE_TESTABILITY = YES;
				GCC_C_LANGUAGE_STANDARD = gnu99;
				GCC_DYNAMIC_NO_PIC = NO;
				GCC_NO_COMMON_BLOCKS = YES;
				GCC_OPTIMIZATION_LEVEL = 0;
				GCC_PREPROCESSOR_DEFINITIONS = (
					"DEBUG=1",
					"$(inherited)",
				);
				GCC_SYMBOLS_PRIVATE_EXTERN = NO;
				GCC_WARN_64_TO_32_BIT_CONVERSION = YES;
				GCC_WARN_ABOUT_RETURN_TYPE = YES_ERROR;
				GCC_WARN_UNDECLARED_SELECTOR = YES;
				GCC_WARN_UNINITIALIZED_AUTOS = YES_AGGRESSIVE;
				GCC_WARN_UNUSED_FUNCTION = YES;
				GCC_WARN_UNUSED_VARIABLE = YES;
				INFOPLIST_FILE = Source/Info.plist;
				IPHONEOS_DEPLOYMENT_TARGET = 10.0;
				MACOSX_DEPLOYMENT_TARGET = 10.12;
				MARKETING_VERSION = 2.5.1;
				ONLY_ACTIVE_ARCH = YES;
				PRODUCT_BUNDLE_IDENTIFIER = com.christopherdehaan.CDMarkdownKit;
				PRODUCT_NAME = CDMarkdownKit;
				SWIFT_OPTIMIZATION_LEVEL = "-Onone";
				SWIFT_SWIFT3_OBJC_INFERENCE = Off;
				SWIFT_VERSION = 5.0;
				TVOS_DEPLOYMENT_TARGET = 10.0;
				VERSIONING_SYSTEM = "apple-generic";
				VERSION_INFO_PREFIX = "";
				WATCHOS_DEPLOYMENT_TARGET = 3.0;
			};
			name = Debug;
		};
		B2B365BE1F3245800078B962 /* Release */ = {
			isa = XCBuildConfiguration;
			buildSettings = {
				ALWAYS_SEARCH_USER_PATHS = NO;
				APPLICATION_EXTENSION_API_ONLY = YES;
				CLANG_ANALYZER_LOCALIZABILITY_NONLOCALIZED = YES;
				CLANG_CXX_LANGUAGE_STANDARD = "gnu++0x";
				CLANG_CXX_LIBRARY = "libc++";
				CLANG_ENABLE_OBJC_ARC = YES;
				CLANG_UNDEFINED_BEHAVIOR_SANITIZER_INTEGER = YES;
				CLANG_UNDEFINED_BEHAVIOR_SANITIZER_NULLABILITY = YES;
				CLANG_WARN_BLOCK_CAPTURE_AUTORELEASING = YES;
				CLANG_WARN_BOOL_CONVERSION = YES;
				CLANG_WARN_COMMA = YES;
				CLANG_WARN_CONSTANT_CONVERSION = YES;
				CLANG_WARN_DEPRECATED_OBJC_IMPLEMENTATIONS = YES;
				CLANG_WARN_DIRECT_OBJC_ISA_USAGE = YES_ERROR;
				CLANG_WARN_EMPTY_BODY = YES;
				CLANG_WARN_ENUM_CONVERSION = YES;
				CLANG_WARN_INFINITE_RECURSION = YES;
				CLANG_WARN_INT_CONVERSION = YES;
				CLANG_WARN_NON_LITERAL_NULL_CONVERSION = YES;
				CLANG_WARN_OBJC_IMPLICIT_RETAIN_SELF = YES;
				CLANG_WARN_OBJC_LITERAL_CONVERSION = YES;
				CLANG_WARN_OBJC_ROOT_CLASS = YES_ERROR;
				CLANG_WARN_QUOTED_INCLUDE_IN_FRAMEWORK_HEADER = YES;
				CLANG_WARN_RANGE_LOOP_ANALYSIS = YES;
				CLANG_WARN_STRICT_PROTOTYPES = YES;
				CLANG_WARN_SUSPICIOUS_MOVE = YES;
				CLANG_WARN_UNREACHABLE_CODE = YES;
				CLANG_WARN__DUPLICATE_METHOD_MATCH = YES;
				CODE_SIGN_STYLE = Automatic;
				COPY_PHASE_STRIP = YES;
				CURRENT_PROJECT_VERSION = 1;
				DEAD_CODE_STRIPPING = YES;
				DEBUG_INFORMATION_FORMAT = "dwarf-with-dsym";
				ENABLE_NS_ASSERTIONS = NO;
				ENABLE_STRICT_OBJC_MSGSEND = YES;
				GCC_C_LANGUAGE_STANDARD = gnu99;
				GCC_NO_COMMON_BLOCKS = YES;
				GCC_SYMBOLS_PRIVATE_EXTERN = NO;
				GCC_WARN_64_TO_32_BIT_CONVERSION = YES;
				GCC_WARN_ABOUT_RETURN_TYPE = YES_ERROR;
				GCC_WARN_UNDECLARED_SELECTOR = YES;
				GCC_WARN_UNINITIALIZED_AUTOS = YES_AGGRESSIVE;
				GCC_WARN_UNUSED_FUNCTION = YES;
				GCC_WARN_UNUSED_VARIABLE = YES;
				INFOPLIST_FILE = Source/Info.plist;
				IPHONEOS_DEPLOYMENT_TARGET = 10.0;
				MACOSX_DEPLOYMENT_TARGET = 10.12;
				MARKETING_VERSION = 2.5.1;
				PRODUCT_BUNDLE_IDENTIFIER = com.christopherdehaan.CDMarkdownKit;
				PRODUCT_NAME = CDMarkdownKit;
				SWIFT_COMPILATION_MODE = wholemodule;
				SWIFT_OPTIMIZATION_LEVEL = "-O";
				SWIFT_SWIFT3_OBJC_INFERENCE = Off;
				SWIFT_VERSION = 5.0;
				TVOS_DEPLOYMENT_TARGET = 10.0;
				VALIDATE_PRODUCT = YES;
				VERSIONING_SYSTEM = "apple-generic";
				VERSION_INFO_PREFIX = "";
				WATCHOS_DEPLOYMENT_TARGET = 3.0;
			};
			name = Release;
		};
		B2B365C01F3245800078B962 /* Debug */ = {
			isa = XCBuildConfiguration;
			buildSettings = {
				DYLIB_COMPATIBILITY_VERSION = 1;
				DYLIB_CURRENT_VERSION = 1;
				DYLIB_INSTALL_NAME_BASE = "@rpath";
				INSTALL_PATH = "$(LOCAL_LIBRARY_DIR)/Frameworks";
				LD_RUNPATH_SEARCH_PATHS = (
					"$(inherited)",
					"@executable_path/Frameworks",
					"@loader_path/Frameworks",
				);
				SDKROOT = iphoneos;
				SKIP_INSTALL = YES;
				TARGETED_DEVICE_FAMILY = "1,2";
			};
			name = Debug;
		};
		B2B365C11F3245800078B962 /* Release */ = {
			isa = XCBuildConfiguration;
			buildSettings = {
				DYLIB_COMPATIBILITY_VERSION = 1;
				DYLIB_CURRENT_VERSION = 1;
				DYLIB_INSTALL_NAME_BASE = "@rpath";
				INSTALL_PATH = "$(LOCAL_LIBRARY_DIR)/Frameworks";
				LD_RUNPATH_SEARCH_PATHS = (
					"$(inherited)",
					"@executable_path/Frameworks",
					"@loader_path/Frameworks",
				);
				SDKROOT = iphoneos;
				SKIP_INSTALL = YES;
				TARGETED_DEVICE_FAMILY = "1,2";
			};
			name = Release;
		};
/* End XCBuildConfiguration section */

/* Begin XCConfigurationList section */
		B2ACA07C1FBF93ED00EABEF6 /* Build configuration list for PBXNativeTarget "CDMarkdownKit macOS" */ = {
			isa = XCConfigurationList;
			buildConfigurations = (
				B2ACA07D1FBF93ED00EABEF6 /* Debug */,
				B2ACA07E1FBF93ED00EABEF6 /* Release */,
			);
			defaultConfigurationIsVisible = 0;
			defaultConfigurationName = Release;
		};
		B2ACA0891FBF940700EABEF6 /* Build configuration list for PBXNativeTarget "CDMarkdownKit tvOS" */ = {
			isa = XCConfigurationList;
			buildConfigurations = (
				B2ACA08A1FBF940700EABEF6 /* Debug */,
				B2ACA08B1FBF940700EABEF6 /* Release */,
			);
			defaultConfigurationIsVisible = 0;
			defaultConfigurationName = Release;
		};
		B2ACA0961FBF941B00EABEF6 /* Build configuration list for PBXNativeTarget "CDMarkdownKit watchOS" */ = {
			isa = XCConfigurationList;
			buildConfigurations = (
				B2ACA0971FBF941B00EABEF6 /* Debug */,
				B2ACA0981FBF941B00EABEF6 /* Release */,
			);
			defaultConfigurationIsVisible = 0;
			defaultConfigurationName = Release;
		};
		B2B365B11F3245800078B962 /* Build configuration list for PBXProject "CDMarkdownKit" */ = {
			isa = XCConfigurationList;
			buildConfigurations = (
				B2B365BD1F3245800078B962 /* Debug */,
				B2B365BE1F3245800078B962 /* Release */,
			);
			defaultConfigurationIsVisible = 0;
			defaultConfigurationName = Release;
		};
		B2B365BF1F3245800078B962 /* Build configuration list for PBXNativeTarget "CDMarkdownKit iOS" */ = {
			isa = XCConfigurationList;
			buildConfigurations = (
				B2B365C01F3245800078B962 /* Debug */,
				B2B365C11F3245800078B962 /* Release */,
			);
			defaultConfigurationIsVisible = 0;
			defaultConfigurationName = Release;
		};
/* End XCConfigurationList section */
	};
	rootObject = B2B365AE1F3245800078B962 /* Project object */;
}
